// !$*UTF8*$!
{
	archiveVersion = 1;
	classes = {
	};
	objectVersion = 50;
	objects = {

/* Begin PBXBuildFile section */
		09D7ABA724E384C7009BAE5B /* AppDelegate.swift in Sources */ = {isa = PBXBuildFile; fileRef = 09D7ABA624E384C7009BAE5B /* AppDelegate.swift */; };
		09D7ABA924E384C7009BAE5B /* GameScene.sks in Resources */ = {isa = PBXBuildFile; fileRef = 09D7ABA824E384C7009BAE5B /* GameScene.sks */; };
		09D7ABAB24E384C7009BAE5B /* Actions.sks in Resources */ = {isa = PBXBuildFile; fileRef = 09D7ABAA24E384C7009BAE5B /* Actions.sks */; };
		09D7ABAD24E384C7009BAE5B /* GameScene.swift in Sources */ = {isa = PBXBuildFile; fileRef = 09D7ABAC24E384C7009BAE5B /* GameScene.swift */; };
		09D7ABAF24E384C7009BAE5B /* GameViewController.swift in Sources */ = {isa = PBXBuildFile; fileRef = 09D7ABAE24E384C7009BAE5B /* GameViewController.swift */; };
		09D7ABB224E384C7009BAE5B /* Main.storyboard in Resources */ = {isa = PBXBuildFile; fileRef = 09D7ABB024E384C7009BAE5B /* Main.storyboard */; };
		09D7ABB424E384C8009BAE5B /* Assets.xcassets in Resources */ = {isa = PBXBuildFile; fileRef = 09D7ABB324E384C8009BAE5B /* Assets.xcassets */; };
		09D7ABB724E384C8009BAE5B /* LaunchScreen.storyboard in Resources */ = {isa = PBXBuildFile; fileRef = 09D7ABB524E384C8009BAE5B /* LaunchScreen.storyboard */; };
		09D7ABC224E3862A009BAE5B /* Core.swift in Sources */ = {isa = PBXBuildFile; fileRef = 09D7ABC124E3862A009BAE5B /* Core.swift */; };
		09D7ABC724E3876D009BAE5B /* Size.swift in Sources */ = {isa = PBXBuildFile; fileRef = 09D7ABC624E3876D009BAE5B /* Size.swift */; };
		09D7ABC924E3877B009BAE5B /* Color.swift in Sources */ = {isa = PBXBuildFile; fileRef = 09D7ABC824E3877B009BAE5B /* Color.swift */; };
		09D7ABCB24E38784009BAE5B /* Value.swift in Sources */ = {isa = PBXBuildFile; fileRef = 09D7ABCA24E38784009BAE5B /* Value.swift */; };
		09D7ABCE24E387F7009BAE5B /* Stage.swift in Sources */ = {isa = PBXBuildFile; fileRef = 09D7ABCD24E387F7009BAE5B /* Stage.swift */; };
		09D7ABD024E3880C009BAE5B /* Game.swift in Sources */ = {isa = PBXBuildFile; fileRef = 09D7ABCF24E3880C009BAE5B /* Game.swift */; };
		09D7ABD224E38B5D009BAE5B /* Device.swift in Sources */ = {isa = PBXBuildFile; fileRef = 09D7ABD124E38B5D009BAE5B /* Device.swift */; };
		09D7ABD424E38EED009BAE5B /* extend.swift in Sources */ = {isa = PBXBuildFile; fileRef = 09D7ABD324E38EED009BAE5B /* extend.swift */; };
		09D7ABD624E395E6009BAE5B /* Scene.swift in Sources */ = {isa = PBXBuildFile; fileRef = 09D7ABD524E395E6009BAE5B /* Scene.swift */; };
		09D7ABD924E39A38009BAE5B /* ActionUnit.swift in Sources */ = {isa = PBXBuildFile; fileRef = 09D7ABD824E39A38009BAE5B /* ActionUnit.swift */; };
		09D7ABDB24E39D11009BAE5B /* Test.swift in Sources */ = {isa = PBXBuildFile; fileRef = 09D7ABDA24E39D11009BAE5B /* Test.swift */; };
		09D7ABDD24E4350D009BAE5B /* GroundSet.swift in Sources */ = {isa = PBXBuildFile; fileRef = 09D7ABDC24E4350D009BAE5B /* GroundSet.swift */; };
		09D7ABDF24E4B76A009BAE5B /* Dungeon.swift in Sources */ = {isa = PBXBuildFile; fileRef = 09D7ABDE24E4B76A009BAE5B /* Dungeon.swift */; };
		09D7ABE224E4C2AD009BAE5B /* AncientRoad.swift in Sources */ = {isa = PBXBuildFile; fileRef = 09D7ABE124E4C2AD009BAE5B /* AncientRoad.swift */; };
		09D7ABE424E4C317009BAE5B /* TwistedMeadow.swift in Sources */ = {isa = PBXBuildFile; fileRef = 09D7ABE324E4C317009BAE5B /* TwistedMeadow.swift */; };
		09D7ABE624E4C4C7009BAE5B /* Unit.swift in Sources */ = {isa = PBXBuildFile; fileRef = 09D7ABE524E4C4C7009BAE5B /* Unit.swift */; };
		09D7ABE824E4C537009BAE5B /* Structure.swift in Sources */ = {isa = PBXBuildFile; fileRef = 09D7ABE724E4C537009BAE5B /* Structure.swift */; };
		09D7ABEA24E7F5E6009BAE5B /* CellNode.swift in Sources */ = {isa = PBXBuildFile; fileRef = 09D7ABE924E7F5E6009BAE5B /* CellNode.swift */; };
		09D7ABEC24E80DB7009BAE5B /* Type.swift in Sources */ = {isa = PBXBuildFile; fileRef = 09D7ABEB24E80DB7009BAE5B /* Type.swift */; };
		09D7ABEE24E80E2D009BAE5B /* item.swift in Sources */ = {isa = PBXBuildFile; fileRef = 09D7ABED24E80E2D009BAE5B /* item.swift */; };
		09D7ABF024E80EC8009BAE5B /* ItemData.swift in Sources */ = {isa = PBXBuildFile; fileRef = 09D7ABEF24E80EC8009BAE5B /* ItemData.swift */; };
		09D7ABF224E911FD009BAE5B /* BattleUnit.swift in Sources */ = {isa = PBXBuildFile; fileRef = 09D7ABF124E911FD009BAE5B /* BattleUnit.swift */; };
		09D7ABF424EA2693009BAE5B /* Creature.swift in Sources */ = {isa = PBXBuildFile; fileRef = 09D7ABF324EA2693009BAE5B /* Creature.swift */; };
		09D7ABF724EA2718009BAE5B /* Spell.swift in Sources */ = {isa = PBXBuildFile; fileRef = 09D7ABF624EA2718009BAE5B /* Spell.swift */; };
		09D7ABFB24EA27AF009BAE5B /* CreatureData.swift in Sources */ = {isa = PBXBuildFile; fileRef = 09D7ABFA24EA27AF009BAE5B /* CreatureData.swift */; };
		09D7ABFD24EA3219009BAE5B /* Label.swift in Sources */ = {isa = PBXBuildFile; fileRef = 09D7ABFC24EA3219009BAE5B /* Label.swift */; };
		09D7AC0C24EADC08009BAE5B /* f1.ttf in Resources */ = {isa = PBXBuildFile; fileRef = 09D7AC0B24EADC04009BAE5B /* f1.ttf */; };
		09D7AC0F24EADC73009BAE5B /* font.ttf in Resources */ = {isa = PBXBuildFile; fileRef = 09D7AC0D24EADC3D009BAE5B /* font.ttf */; };
		09D7AC1024EADC76009BAE5B /* FZSJ-GUOGPYT.TTF in Resources */ = {isa = PBXBuildFile; fileRef = 09D7AC0E24EADC59009BAE5B /* FZSJ-GUOGPYT.TTF */; };
		09D7AC1324EC0C77009BAE5B /* Chest.swift in Sources */ = {isa = PBXBuildFile; fileRef = 09D7AC1224EC0C77009BAE5B /* Chest.swift */; };
		09D7AC1524EC0EE6009BAE5B /* Tower.swift in Sources */ = {isa = PBXBuildFile; fileRef = 09D7AC1424EC0EE6009BAE5B /* Tower.swift */; };
		09D7AC1824EC0FE6009BAE5B /* Status.swift in Sources */ = {isa = PBXBuildFile; fileRef = 09D7AC1724EC0FE6009BAE5B /* Status.swift */; };
		09D7AC1A24EC1045009BAE5B /* Function.swift in Sources */ = {isa = PBXBuildFile; fileRef = 09D7AC1924EC1045009BAE5B /* Function.swift */; };
		09D7AC1C24F218C0009BAE5B /* HBar.swift in Sources */ = {isa = PBXBuildFile; fileRef = 09D7AC1B24F218C0009BAE5B /* HBar.swift */; };
		09D7AC1E24F25FB6009BAE5B /* IconButton.swift in Sources */ = {isa = PBXBuildFile; fileRef = 09D7AC1D24F25FB6009BAE5B /* IconButton.swift */; };
/* End PBXBuildFile section */

/* Begin PBXFileReference section */
		09D7ABA324E384C7009BAE5B /* MyTravel.app */ = {isa = PBXFileReference; explicitFileType = wrapper.application; includeInIndex = 0; path = MyTravel.app; sourceTree = BUILT_PRODUCTS_DIR; };
		09D7ABA624E384C7009BAE5B /* AppDelegate.swift */ = {isa = PBXFileReference; lastKnownFileType = sourcecode.swift; path = AppDelegate.swift; sourceTree = "<group>"; };
		09D7ABA824E384C7009BAE5B /* GameScene.sks */ = {isa = PBXFileReference; lastKnownFileType = file.sks; path = GameScene.sks; sourceTree = "<group>"; };
		09D7ABAA24E384C7009BAE5B /* Actions.sks */ = {isa = PBXFileReference; lastKnownFileType = file.sks; path = Actions.sks; sourceTree = "<group>"; };
		09D7ABAC24E384C7009BAE5B /* GameScene.swift */ = {isa = PBXFileReference; lastKnownFileType = sourcecode.swift; path = GameScene.swift; sourceTree = "<group>"; };
		09D7ABAE24E384C7009BAE5B /* GameViewController.swift */ = {isa = PBXFileReference; lastKnownFileType = sourcecode.swift; path = GameViewController.swift; sourceTree = "<group>"; };
		09D7ABB124E384C7009BAE5B /* Base */ = {isa = PBXFileReference; lastKnownFileType = file.storyboard; name = Base; path = Base.lproj/Main.storyboard; sourceTree = "<group>"; };
		09D7ABB324E384C8009BAE5B /* Assets.xcassets */ = {isa = PBXFileReference; lastKnownFileType = folder.assetcatalog; path = Assets.xcassets; sourceTree = "<group>"; };
		09D7ABB624E384C8009BAE5B /* Base */ = {isa = PBXFileReference; lastKnownFileType = file.storyboard; name = Base; path = Base.lproj/LaunchScreen.storyboard; sourceTree = "<group>"; };
		09D7ABB824E384C8009BAE5B /* Info.plist */ = {isa = PBXFileReference; lastKnownFileType = text.plist.xml; path = Info.plist; sourceTree = "<group>"; };
		09D7ABC124E3862A009BAE5B /* Core.swift */ = {isa = PBXFileReference; lastKnownFileType = sourcecode.swift; path = Core.swift; sourceTree = "<group>"; };
		09D7ABC624E3876D009BAE5B /* Size.swift */ = {isa = PBXFileReference; lastKnownFileType = sourcecode.swift; path = Size.swift; sourceTree = "<group>"; };
		09D7ABC824E3877B009BAE5B /* Color.swift */ = {isa = PBXFileReference; lastKnownFileType = sourcecode.swift; path = Color.swift; sourceTree = "<group>"; };
		09D7ABCA24E38784009BAE5B /* Value.swift */ = {isa = PBXFileReference; lastKnownFileType = sourcecode.swift; path = Value.swift; sourceTree = "<group>"; };
		09D7ABCD24E387F7009BAE5B /* Stage.swift */ = {isa = PBXFileReference; lastKnownFileType = sourcecode.swift; path = Stage.swift; sourceTree = "<group>"; };
		09D7ABCF24E3880C009BAE5B /* Game.swift */ = {isa = PBXFileReference; lastKnownFileType = sourcecode.swift; path = Game.swift; sourceTree = "<group>"; };
		09D7ABD124E38B5D009BAE5B /* Device.swift */ = {isa = PBXFileReference; lastKnownFileType = sourcecode.swift; path = Device.swift; sourceTree = "<group>"; };
		09D7ABD324E38EED009BAE5B /* extend.swift */ = {isa = PBXFileReference; lastKnownFileType = sourcecode.swift; path = extend.swift; sourceTree = "<group>"; };
		09D7ABD524E395E6009BAE5B /* Scene.swift */ = {isa = PBXFileReference; lastKnownFileType = sourcecode.swift; path = Scene.swift; sourceTree = "<group>"; };
		09D7ABD824E39A38009BAE5B /* ActionUnit.swift */ = {isa = PBXFileReference; lastKnownFileType = sourcecode.swift; path = ActionUnit.swift; sourceTree = "<group>"; };
		09D7ABDA24E39D11009BAE5B /* Test.swift */ = {isa = PBXFileReference; lastKnownFileType = sourcecode.swift; path = Test.swift; sourceTree = "<group>"; };
		09D7ABDC24E4350D009BAE5B /* GroundSet.swift */ = {isa = PBXFileReference; lastKnownFileType = sourcecode.swift; path = GroundSet.swift; sourceTree = "<group>"; };
		09D7ABDE24E4B76A009BAE5B /* Dungeon.swift */ = {isa = PBXFileReference; lastKnownFileType = sourcecode.swift; path = Dungeon.swift; sourceTree = "<group>"; };
		09D7ABE124E4C2AD009BAE5B /* AncientRoad.swift */ = {isa = PBXFileReference; lastKnownFileType = sourcecode.swift; path = AncientRoad.swift; sourceTree = "<group>"; };
		09D7ABE324E4C317009BAE5B /* TwistedMeadow.swift */ = {isa = PBXFileReference; lastKnownFileType = sourcecode.swift; path = TwistedMeadow.swift; sourceTree = "<group>"; };
		09D7ABE524E4C4C7009BAE5B /* Unit.swift */ = {isa = PBXFileReference; lastKnownFileType = sourcecode.swift; path = Unit.swift; sourceTree = "<group>"; };
		09D7ABE724E4C537009BAE5B /* Structure.swift */ = {isa = PBXFileReference; lastKnownFileType = sourcecode.swift; path = Structure.swift; sourceTree = "<group>"; };
		09D7ABE924E7F5E6009BAE5B /* CellNode.swift */ = {isa = PBXFileReference; lastKnownFileType = sourcecode.swift; path = CellNode.swift; sourceTree = "<group>"; };
		09D7ABEB24E80DB7009BAE5B /* Type.swift */ = {isa = PBXFileReference; lastKnownFileType = sourcecode.swift; path = Type.swift; sourceTree = "<group>"; };
		09D7ABED24E80E2D009BAE5B /* item.swift */ = {isa = PBXFileReference; lastKnownFileType = sourcecode.swift; path = item.swift; sourceTree = "<group>"; };
		09D7ABEF24E80EC8009BAE5B /* ItemData.swift */ = {isa = PBXFileReference; lastKnownFileType = sourcecode.swift; path = ItemData.swift; sourceTree = "<group>"; };
		09D7ABF124E911FD009BAE5B /* BattleUnit.swift */ = {isa = PBXFileReference; lastKnownFileType = sourcecode.swift; path = BattleUnit.swift; sourceTree = "<group>"; };
		09D7ABF324EA2693009BAE5B /* Creature.swift */ = {isa = PBXFileReference; lastKnownFileType = sourcecode.swift; path = Creature.swift; sourceTree = "<group>"; };
		09D7ABF624EA2718009BAE5B /* Spell.swift */ = {isa = PBXFileReference; lastKnownFileType = sourcecode.swift; path = Spell.swift; sourceTree = "<group>"; };
		09D7ABFA24EA27AF009BAE5B /* CreatureData.swift */ = {isa = PBXFileReference; lastKnownFileType = sourcecode.swift; path = CreatureData.swift; sourceTree = "<group>"; };
		09D7ABFC24EA3219009BAE5B /* Label.swift */ = {isa = PBXFileReference; lastKnownFileType = sourcecode.swift; path = Label.swift; sourceTree = "<group>"; };
		09D7AC0B24EADC04009BAE5B /* f1.ttf */ = {isa = PBXFileReference; lastKnownFileType = file; name = f1.ttf; path = ../../../../Downloads/f1.ttf; sourceTree = "<group>"; };
		09D7AC0D24EADC3D009BAE5B /* font.ttf */ = {isa = PBXFileReference; lastKnownFileType = file; name = font.ttf; path = ../../../../Downloads/font.ttf; sourceTree = "<group>"; };
		09D7AC0E24EADC59009BAE5B /* FZSJ-GUOGPYT.TTF */ = {isa = PBXFileReference; lastKnownFileType = file; name = "FZSJ-GUOGPYT.TTF"; path = "../../../../Downloads/FZSJ-GUOGPYT.TTF"; sourceTree = "<group>"; };
		09D7AC1224EC0C77009BAE5B /* Chest.swift */ = {isa = PBXFileReference; lastKnownFileType = sourcecode.swift; path = Chest.swift; sourceTree = "<group>"; };
		09D7AC1424EC0EE6009BAE5B /* Tower.swift */ = {isa = PBXFileReference; lastKnownFileType = sourcecode.swift; path = Tower.swift; sourceTree = "<group>"; };
		09D7AC1724EC0FE6009BAE5B /* Status.swift */ = {isa = PBXFileReference; lastKnownFileType = sourcecode.swift; path = Status.swift; sourceTree = "<group>"; };
		09D7AC1924EC1045009BAE5B /* Function.swift */ = {isa = PBXFileReference; lastKnownFileType = sourcecode.swift; path = Function.swift; sourceTree = "<group>"; };
		09D7AC1B24F218C0009BAE5B /* HBar.swift */ = {isa = PBXFileReference; lastKnownFileType = sourcecode.swift; path = HBar.swift; sourceTree = "<group>"; };
		09D7AC1D24F25FB6009BAE5B /* IconButton.swift */ = {isa = PBXFileReference; lastKnownFileType = sourcecode.swift; path = IconButton.swift; sourceTree = "<group>"; };
/* End PBXFileReference section */

/* Begin PBXFrameworksBuildPhase section */
		09D7ABA024E384C7009BAE5B /* Frameworks */ = {
			isa = PBXFrameworksBuildPhase;
			buildActionMask = 2147483647;
			files = (
			);
			runOnlyForDeploymentPostprocessing = 0;
		};
/* End PBXFrameworksBuildPhase section */

/* Begin PBXGroup section */
		09D7AB9A24E384C7009BAE5B = {
			isa = PBXGroup;
			children = (
				09D7ABA524E384C7009BAE5B /* MyTravel */,
				09D7ABA424E384C7009BAE5B /* Products */,
			);
			sourceTree = "<group>";
		};
		09D7ABA424E384C7009BAE5B /* Products */ = {
			isa = PBXGroup;
			children = (
				09D7ABA324E384C7009BAE5B /* MyTravel.app */,
			);
			name = Products;
			sourceTree = "<group>";
		};
		09D7ABA524E384C7009BAE5B /* MyTravel */ = {
			isa = PBXGroup;
			children = (
				09D7ABB824E384C8009BAE5B /* Info.plist */,
				09D7ABAA24E384C7009BAE5B /* Actions.sks */,
				09D7AC0B24EADC04009BAE5B /* f1.ttf */,
				09D7ABA824E384C7009BAE5B /* GameScene.sks */,
				09D7AC0D24EADC3D009BAE5B /* font.ttf */,
				09D7AC0E24EADC59009BAE5B /* FZSJ-GUOGPYT.TTF */,
				09D7ABA624E384C7009BAE5B /* AppDelegate.swift */,
				09D7ABAC24E384C7009BAE5B /* GameScene.swift */,
				09D7ABAE24E384C7009BAE5B /* GameViewController.swift */,
				09D7ABB324E384C8009BAE5B /* Assets.xcassets */,
				09D7ABBF24E3860B009BAE5B /* data */,
				09D7ABB524E384C8009BAE5B /* LaunchScreen.storyboard */,
				09D7ABB024E384C7009BAE5B /* Main.storyboard */,
				09D7ABC024E38612009BAE5B /* story */,
				09D7ABBE24E38604009BAE5B /* system */,
			);
			path = MyTravel;
			sourceTree = "<group>";
		};
		09D7ABBE24E38604009BAE5B /* system */ = {
			isa = PBXGroup;
			children = (
				09D7ABCF24E3880C009BAE5B /* Game.swift */,
				09D7ABC524E38664009BAE5B /* component */,
				09D7ABC324E38653009BAE5B /* tool */,
				09D7ABC424E3865E009BAE5B /* ui */,
			);
			path = system;
			sourceTree = "<group>";
		};
		09D7ABBF24E3860B009BAE5B /* data */ = {
			isa = PBXGroup;
			children = (
				09D7ABC624E3876D009BAE5B /* Size.swift */,
				09D7ABC824E3877B009BAE5B /* Color.swift */,
				09D7ABCA24E38784009BAE5B /* Value.swift */,
				09D7ABE724E4C537009BAE5B /* Structure.swift */,
				09D7ABEB24E80DB7009BAE5B /* Type.swift */,
				09D7ABEF24E80EC8009BAE5B /* ItemData.swift */,
				09D7ABFA24EA27AF009BAE5B /* CreatureData.swift */,
			);
			path = data;
			sourceTree = "<group>";
		};
		09D7ABC024E38612009BAE5B /* story */ = {
			isa = PBXGroup;
			children = (
				09D7AC1624EC0FD5009BAE5B /* status */,
				09D7ABF924EA2764009BAE5B /* item */,
				09D7ABF824EA274E009BAE5B /* unit */,
				09D7ABF524EA2709009BAE5B /* spell */,
				09D7ABC124E3862A009BAE5B /* Core.swift */,
			);
			path = story;
			sourceTree = "<group>";
		};
		09D7ABC324E38653009BAE5B /* tool */ = {
			isa = PBXGroup;
			children = (
				09D7ABD124E38B5D009BAE5B /* Device.swift */,
				09D7ABDA24E39D11009BAE5B /* Test.swift */,
				09D7ABDC24E4350D009BAE5B /* GroundSet.swift */,
				09D7AC1924EC1045009BAE5B /* Function.swift */,
			);
			path = tool;
			sourceTree = "<group>";
		};
		09D7ABC424E3865E009BAE5B /* ui */ = {
			isa = PBXGroup;
			children = (
				09D7ABD724E39A2D009BAE5B /* action */,
				09D7ABCC24E3878F009BAE5B /* stage */,
				09D7ABD324E38EED009BAE5B /* extend.swift */,
			);
			path = ui;
			sourceTree = "<group>";
		};
		09D7ABC524E38664009BAE5B /* component */ = {
			isa = PBXGroup;
			children = (
				09D7ABFC24EA3219009BAE5B /* Label.swift */,
				09D7AC1B24F218C0009BAE5B /* HBar.swift */,
				09D7AC1D24F25FB6009BAE5B /* IconButton.swift */,
			);
			path = component;
			sourceTree = "<group>";
		};
		09D7ABCC24E3878F009BAE5B /* stage */ = {
			isa = PBXGroup;
			children = (
				09D7AC1124EC0BEA009BAE5B /* cell */,
				09D7ABE024E4C21F009BAE5B /* AncientRoad */,
				09D7ABCD24E387F7009BAE5B /* Stage.swift */,
				09D7ABD524E395E6009BAE5B /* Scene.swift */,
				09D7ABDE24E4B76A009BAE5B /* Dungeon.swift */,
			);
			path = stage;
			sourceTree = "<group>";
		};
		09D7ABD724E39A2D009BAE5B /* action */ = {
			isa = PBXGroup;
			children = (
				09D7ABD824E39A38009BAE5B /* ActionUnit.swift */,
				09D7ABF124E911FD009BAE5B /* BattleUnit.swift */,
			);
			path = action;
			sourceTree = "<group>";
		};
		09D7ABE024E4C21F009BAE5B /* AncientRoad */ = {
			isa = PBXGroup;
			children = (
				09D7ABE124E4C2AD009BAE5B /* AncientRoad.swift */,
				09D7ABE324E4C317009BAE5B /* TwistedMeadow.swift */,
			);
			path = AncientRoad;
			sourceTree = "<group>";
		};
		09D7ABF524EA2709009BAE5B /* spell */ = {
			isa = PBXGroup;
			children = (
				09D7ABF624EA2718009BAE5B /* Spell.swift */,
			);
			path = spell;
			sourceTree = "<group>";
		};
		09D7ABF824EA274E009BAE5B /* unit */ = {
			isa = PBXGroup;
			children = (
				09D7ABE524E4C4C7009BAE5B /* Unit.swift */,
				09D7ABF324EA2693009BAE5B /* Creature.swift */,
			);
			path = unit;
			sourceTree = "<group>";
		};
		09D7ABF924EA2764009BAE5B /* item */ = {
			isa = PBXGroup;
			children = (
				09D7ABED24E80E2D009BAE5B /* item.swift */,
			);
			path = item;
			sourceTree = "<group>";
		};
		09D7AC1124EC0BEA009BAE5B /* cell */ = {
			isa = PBXGroup;
			children = (
				09D7ABE924E7F5E6009BAE5B /* CellNode.swift */,
				09D7AC1224EC0C77009BAE5B /* Chest.swift */,
				09D7AC1424EC0EE6009BAE5B /* Tower.swift */,
			);
			path = cell;
			sourceTree = "<group>";
		};
		09D7AC1624EC0FD5009BAE5B /* status */ = {
			isa = PBXGroup;
			children = (
				09D7AC1724EC0FE6009BAE5B /* Status.swift */,
			);
			path = status;
			sourceTree = "<group>";
		};
/* End PBXGroup section */

/* Begin PBXNativeTarget section */
		09D7ABA224E384C7009BAE5B /* MyTravel */ = {
			isa = PBXNativeTarget;
			buildConfigurationList = 09D7ABBB24E384C8009BAE5B /* Build configuration list for PBXNativeTarget "MyTravel" */;
			buildPhases = (
				09D7AB9F24E384C7009BAE5B /* Sources */,
				09D7ABA024E384C7009BAE5B /* Frameworks */,
				09D7ABA124E384C7009BAE5B /* Resources */,
			);
			buildRules = (
			);
			dependencies = (
			);
			name = MyTravel;
			productName = MyTravel;
			productReference = 09D7ABA324E384C7009BAE5B /* MyTravel.app */;
			productType = "com.apple.product-type.application";
		};
/* End PBXNativeTarget section */

/* Begin PBXProject section */
		09D7AB9B24E384C7009BAE5B /* Project object */ = {
			isa = PBXProject;
			attributes = {
				LastSwiftUpdateCheck = 1130;
				LastUpgradeCheck = 1130;
				ORGANIZATIONNAME = my.travel;
				TargetAttributes = {
					09D7ABA224E384C7009BAE5B = {
						CreatedOnToolsVersion = 11.3.1;
					};
				};
			};
			buildConfigurationList = 09D7AB9E24E384C7009BAE5B /* Build configuration list for PBXProject "MyTravel" */;
			compatibilityVersion = "Xcode 9.3";
			developmentRegion = en;
			hasScannedForEncodings = 0;
			knownRegions = (
				en,
				Base,
			);
			mainGroup = 09D7AB9A24E384C7009BAE5B;
			productRefGroup = 09D7ABA424E384C7009BAE5B /* Products */;
			projectDirPath = "";
			projectRoot = "";
			targets = (
				09D7ABA224E384C7009BAE5B /* MyTravel */,
			);
		};
/* End PBXProject section */

/* Begin PBXResourcesBuildPhase section */
		09D7ABA124E384C7009BAE5B /* Resources */ = {
			isa = PBXResourcesBuildPhase;
			buildActionMask = 2147483647;
			files = (
				09D7AC1024EADC76009BAE5B /* FZSJ-GUOGPYT.TTF in Resources */,
				09D7AC0F24EADC73009BAE5B /* font.ttf in Resources */,
				09D7AC0C24EADC08009BAE5B /* f1.ttf in Resources */,
				09D7ABB224E384C7009BAE5B /* Main.storyboard in Resources */,
				09D7ABA924E384C7009BAE5B /* GameScene.sks in Resources */,
				09D7ABB424E384C8009BAE5B /* Assets.xcassets in Resources */,
				09D7ABB724E384C8009BAE5B /* LaunchScreen.storyboard in Resources */,
				09D7ABAB24E384C7009BAE5B /* Actions.sks in Resources */,
			);
			runOnlyForDeploymentPostprocessing = 0;
		};
/* End PBXResourcesBuildPhase section */

/* Begin PBXSourcesBuildPhase section */
		09D7AB9F24E384C7009BAE5B /* Sources */ = {
			isa = PBXSourcesBuildPhase;
			buildActionMask = 2147483647;
			files = (
				09D7ABF424EA2693009BAE5B /* Creature.swift in Sources */,
				09D7ABAD24E384C7009BAE5B /* GameScene.swift in Sources */,
				09D7AC1C24F218C0009BAE5B /* HBar.swift in Sources */,
				09D7ABD024E3880C009BAE5B /* Game.swift in Sources */,
				09D7ABC724E3876D009BAE5B /* Size.swift in Sources */,
				09D7ABDB24E39D11009BAE5B /* Test.swift in Sources */,
				09D7ABEE24E80E2D009BAE5B /* item.swift in Sources */,
				09D7ABDD24E4350D009BAE5B /* GroundSet.swift in Sources */,
				09D7ABEC24E80DB7009BAE5B /* Type.swift in Sources */,
				09D7ABF724EA2718009BAE5B /* Spell.swift in Sources */,
				09D7AC1324EC0C77009BAE5B /* Chest.swift in Sources */,
				09D7ABCE24E387F7009BAE5B /* Stage.swift in Sources */,
				09D7AC1824EC0FE6009BAE5B /* Status.swift in Sources */,
				09D7ABE624E4C4C7009BAE5B /* Unit.swift in Sources */,
				09D7ABE824E4C537009BAE5B /* Structure.swift in Sources */,
				09D7ABCB24E38784009BAE5B /* Value.swift in Sources */,
				09D7ABE424E4C317009BAE5B /* TwistedMeadow.swift in Sources */,
				09D7ABD424E38EED009BAE5B /* extend.swift in Sources */,
				09D7ABFD24EA3219009BAE5B /* Label.swift in Sources */,
				09D7ABE224E4C2AD009BAE5B /* AncientRoad.swift in Sources */,
				09D7ABDF24E4B76A009BAE5B /* Dungeon.swift in Sources */,
				09D7ABAF24E384C7009BAE5B /* GameViewController.swift in Sources */,
				09D7ABC224E3862A009BAE5B /* Core.swift in Sources */,
				09D7AC1E24F25FB6009BAE5B /* IconButton.swift in Sources */,
				09D7AC1524EC0EE6009BAE5B /* Tower.swift in Sources */,
				09D7ABD924E39A38009BAE5B /* ActionUnit.swift in Sources */,
				09D7ABF024E80EC8009BAE5B /* ItemData.swift in Sources */,
				09D7ABD624E395E6009BAE5B /* Scene.swift in Sources */,
				09D7ABF224E911FD009BAE5B /* BattleUnit.swift in Sources */,
				09D7ABEA24E7F5E6009BAE5B /* CellNode.swift in Sources */,
				09D7ABA724E384C7009BAE5B /* AppDelegate.swift in Sources */,
				09D7ABC924E3877B009BAE5B /* Color.swift in Sources */,
				09D7AC1A24EC1045009BAE5B /* Function.swift in Sources */,
				09D7ABFB24EA27AF009BAE5B /* CreatureData.swift in Sources */,
				09D7ABD224E38B5D009BAE5B /* Device.swift in Sources */,
			);
			runOnlyForDeploymentPostprocessing = 0;
		};
/* End PBXSourcesBuildPhase section */

/* Begin PBXVariantGroup section */
		09D7ABB024E384C7009BAE5B /* Main.storyboard */ = {
			isa = PBXVariantGroup;
			children = (
				09D7ABB124E384C7009BAE5B /* Base */,
			);
			name = Main.storyboard;
			sourceTree = "<group>";
		};
		09D7ABB524E384C8009BAE5B /* LaunchScreen.storyboard */ = {
			isa = PBXVariantGroup;
			children = (
				09D7ABB624E384C8009BAE5B /* Base */,
			);
			name = LaunchScreen.storyboard;
			sourceTree = "<group>";
		};
/* End PBXVariantGroup section */

/* Begin XCBuildConfiguration section */
		09D7ABB924E384C8009BAE5B /* Debug */ = {
			isa = XCBuildConfiguration;
			buildSettings = {
				ALWAYS_SEARCH_USER_PATHS = NO;
				CLANG_ANALYZER_NONNULL = YES;
				CLANG_ANALYZER_NUMBER_OBJECT_CONVERSION = YES_AGGRESSIVE;
				CLANG_CXX_LANGUAGE_STANDARD = "gnu++14";
				CLANG_CXX_LIBRARY = "libc++";
				CLANG_ENABLE_MODULES = YES;
				CLANG_ENABLE_OBJC_ARC = YES;
				CLANG_ENABLE_OBJC_WEAK = YES;
				CLANG_WARN_BLOCK_CAPTURE_AUTORELEASING = YES;
				CLANG_WARN_BOOL_CONVERSION = YES;
				CLANG_WARN_COMMA = YES;
				CLANG_WARN_CONSTANT_CONVERSION = YES;
				CLANG_WARN_DEPRECATED_OBJC_IMPLEMENTATIONS = YES;
				CLANG_WARN_DIRECT_OBJC_ISA_USAGE = YES_ERROR;
				CLANG_WARN_DOCUMENTATION_COMMENTS = YES;
				CLANG_WARN_EMPTY_BODY = YES;
				CLANG_WARN_ENUM_CONVERSION = YES;
				CLANG_WARN_INFINITE_RECURSION = YES;
				CLANG_WARN_INT_CONVERSION = YES;
				CLANG_WARN_NON_LITERAL_NULL_CONVERSION = YES;
				CLANG_WARN_OBJC_IMPLICIT_RETAIN_SELF = YES;
				CLANG_WARN_OBJC_LITERAL_CONVERSION = YES;
				CLANG_WARN_OBJC_ROOT_CLASS = YES_ERROR;
				CLANG_WARN_RANGE_LOOP_ANALYSIS = YES;
				CLANG_WARN_STRICT_PROTOTYPES = YES;
				CLANG_WARN_SUSPICIOUS_MOVE = YES;
				CLANG_WARN_UNGUARDED_AVAILABILITY = YES_AGGRESSIVE;
				CLANG_WARN_UNREACHABLE_CODE = YES;
				CLANG_WARN__DUPLICATE_METHOD_MATCH = YES;
				COPY_PHASE_STRIP = NO;
				DEBUG_INFORMATION_FORMAT = dwarf;
				ENABLE_STRICT_OBJC_MSGSEND = YES;
				ENABLE_TESTABILITY = YES;
				GCC_C_LANGUAGE_STANDARD = gnu11;
				GCC_DYNAMIC_NO_PIC = NO;
				GCC_NO_COMMON_BLOCKS = YES;
				GCC_OPTIMIZATION_LEVEL = 0;
				GCC_PREPROCESSOR_DEFINITIONS = (
					"DEBUG=1",
					"$(inherited)",
				);
				GCC_WARN_64_TO_32_BIT_CONVERSION = YES;
				GCC_WARN_ABOUT_RETURN_TYPE = YES_ERROR;
				GCC_WARN_UNDECLARED_SELECTOR = YES;
				GCC_WARN_UNINITIALIZED_AUTOS = YES_AGGRESSIVE;
				GCC_WARN_UNUSED_FUNCTION = YES;
				GCC_WARN_UNUSED_VARIABLE = YES;
				IPHONEOS_DEPLOYMENT_TARGET = 13.2;
				MTL_ENABLE_DEBUG_INFO = INCLUDE_SOURCE;
				MTL_FAST_MATH = YES;
				ONLY_ACTIVE_ARCH = YES;
				SDKROOT = iphoneos;
				SWIFT_ACTIVE_COMPILATION_CONDITIONS = DEBUG;
				SWIFT_OPTIMIZATION_LEVEL = "-Onone";
			};
			name = Debug;
		};
		09D7ABBA24E384C8009BAE5B /* Release */ = {
			isa = XCBuildConfiguration;
			buildSettings = {
				ALWAYS_SEARCH_USER_PATHS = NO;
				CLANG_ANALYZER_NONNULL = YES;
				CLANG_ANALYZER_NUMBER_OBJECT_CONVERSION = YES_AGGRESSIVE;
				CLANG_CXX_LANGUAGE_STANDARD = "gnu++14";
				CLANG_CXX_LIBRARY = "libc++";
				CLANG_ENABLE_MODULES = YES;
				CLANG_ENABLE_OBJC_ARC = YES;
				CLANG_ENABLE_OBJC_WEAK = YES;
				CLANG_WARN_BLOCK_CAPTURE_AUTORELEASING = YES;
				CLANG_WARN_BOOL_CONVERSION = YES;
				CLANG_WARN_COMMA = YES;
				CLANG_WARN_CONSTANT_CONVERSION = YES;
				CLANG_WARN_DEPRECATED_OBJC_IMPLEMENTATIONS = YES;
				CLANG_WARN_DIRECT_OBJC_ISA_USAGE = YES_ERROR;
				CLANG_WARN_DOCUMENTATION_COMMENTS = YES;
				CLANG_WARN_EMPTY_BODY = YES;
				CLANG_WARN_ENUM_CONVERSION = YES;
				CLANG_WARN_INFINITE_RECURSION = YES;
				CLANG_WARN_INT_CONVERSION = YES;
				CLANG_WARN_NON_LITERAL_NULL_CONVERSION = YES;
				CLANG_WARN_OBJC_IMPLICIT_RETAIN_SELF = YES;
				CLANG_WARN_OBJC_LITERAL_CONVERSION = YES;
				CLANG_WARN_OBJC_ROOT_CLASS = YES_ERROR;
				CLANG_WARN_RANGE_LOOP_ANALYSIS = YES;
				CLANG_WARN_STRICT_PROTOTYPES = YES;
				CLANG_WARN_SUSPICIOUS_MOVE = YES;
				CLANG_WARN_UNGUARDED_AVAILABILITY = YES_AGGRESSIVE;
				CLANG_WARN_UNREACHABLE_CODE = YES;
				CLANG_WARN__DUPLICATE_METHOD_MATCH = YES;
				COPY_PHASE_STRIP = NO;
				DEBUG_INFORMATION_FORMAT = "dwarf-with-dsym";
				ENABLE_NS_ASSERTIONS = NO;
				ENABLE_STRICT_OBJC_MSGSEND = YES;
				GCC_C_LANGUAGE_STANDARD = gnu11;
				GCC_NO_COMMON_BLOCKS = YES;
				GCC_WARN_64_TO_32_BIT_CONVERSION = YES;
				GCC_WARN_ABOUT_RETURN_TYPE = YES_ERROR;
				GCC_WARN_UNDECLARED_SELECTOR = YES;
				GCC_WARN_UNINITIALIZED_AUTOS = YES_AGGRESSIVE;
				GCC_WARN_UNUSED_FUNCTION = YES;
				GCC_WARN_UNUSED_VARIABLE = YES;
				IPHONEOS_DEPLOYMENT_TARGET = 13.2;
				MTL_ENABLE_DEBUG_INFO = NO;
				MTL_FAST_MATH = YES;
				SDKROOT = iphoneos;
				SWIFT_COMPILATION_MODE = wholemodule;
				SWIFT_OPTIMIZATION_LEVEL = "-O";
				VALIDATE_PRODUCT = YES;
			};
			name = Release;
		};
		09D7ABBC24E384C8009BAE5B /* Debug */ = {
			isa = XCBuildConfiguration;
			buildSettings = {
				ASSETCATALOG_COMPILER_APPICON_NAME = AppIcon;
				CODE_SIGN_STYLE = Automatic;
				DEVELOPMENT_TEAM = DWG8SW45K5;
				INFOPLIST_FILE = MyTravel/Info.plist;
				LD_RUNPATH_SEARCH_PATHS = (
					"$(inherited)",
					"@executable_path/Frameworks",
				);
				PRODUCT_BUNDLE_IDENTIFIER = my.travel.MyTravel;
				PRODUCT_NAME = "$(TARGET_NAME)";
				SWIFT_VERSION = 5.0;
				TARGETED_DEVICE_FAMILY = 1;
			};
			name = Debug;
		};
		09D7ABBD24E384C8009BAE5B /* Release */ = {
			isa = XCBuildConfiguration;
			buildSettings = {
				ASSETCATALOG_COMPILER_APPICON_NAME = AppIcon;
				CODE_SIGN_STYLE = Automatic;
				DEVELOPMENT_TEAM = DWG8SW45K5;
				INFOPLIST_FILE = MyTravel/Info.plist;
				LD_RUNPATH_SEARCH_PATHS = (
					"$(inherited)",
					"@executable_path/Frameworks",
				);
				PRODUCT_BUNDLE_IDENTIFIER = my.travel.MyTravel;
				PRODUCT_NAME = "$(TARGET_NAME)";
				SWIFT_VERSION = 5.0;
				TARGETED_DEVICE_FAMILY = 1;
			};
			name = Release;
		};
/* End XCBuildConfiguration section */

/* Begin XCConfigurationList section */
		09D7AB9E24E384C7009BAE5B /* Build configuration list for PBXProject "MyTravel" */ = {
			isa = XCConfigurationList;
			buildConfigurations = (
				09D7ABB924E384C8009BAE5B /* Debug */,
				09D7ABBA24E384C8009BAE5B /* Release */,
			);
			defaultConfigurationIsVisible = 0;
			defaultConfigurationName = Release;
		};
		09D7ABBB24E384C8009BAE5B /* Build configuration list for PBXNativeTarget "MyTravel" */ = {
			isa = XCConfigurationList;
			buildConfigurations = (
				09D7ABBC24E384C8009BAE5B /* Debug */,
				09D7ABBD24E384C8009BAE5B /* Release */,
			);
			defaultConfigurationIsVisible = 0;
			defaultConfigurationName = Release;
		};
/* End XCConfigurationList section */
	};
	rootObject = 09D7AB9B24E384C7009BAE5B /* Project object */;
}
