// !$*UTF8*$!
{
	archiveVersion = 1;
	classes = {
	};
	objectVersion = 50;
	objects = {

/* Begin PBXBuildFile section */
		09D7ABA724E384C7009BAE5B /* AppDelegate.swift in Sources */ = {isa = PBXBuildFile; fileRef = 09D7ABA624E384C7009BAE5B /* AppDelegate.swift */; };
		09D7ABA924E384C7009BAE5B /* GameScene.sks in Resources */ = {isa = PBXBuildFile; fileRef = 09D7ABA824E384C7009BAE5B /* GameScene.sks */; };
		09D7ABAB24E384C7009BAE5B /* Actions.sks in Resources */ = {isa = PBXBuildFile; fileRef = 09D7ABAA24E384C7009BAE5B /* Actions.sks */; };
		09D7ABAD24E384C7009BAE5B /* GameScene.swift in Sources */ = {isa = PBXBuildFile; fileRef = 09D7ABAC24E384C7009BAE5B /* GameScene.swift */; };
		09D7ABAF24E384C7009BAE5B /* GameViewController.swift in Sources */ = {isa = PBXBuildFile; fileRef = 09D7ABAE24E384C7009BAE5B /* GameViewController.swift */; };
		09D7ABB224E384C7009BAE5B /* Main.storyboard in Resources */ = {isa = PBXBuildFile; fileRef = 09D7ABB024E384C7009BAE5B /* Main.storyboard */; };
		09D7ABB424E384C8009BAE5B /* Assets.xcassets in Resources */ = {isa = PBXBuildFile; fileRef = 09D7ABB324E384C8009BAE5B /* Assets.xcassets */; };
		09D7ABB724E384C8009BAE5B /* LaunchScreen.storyboard in Resources */ = {isa = PBXBuildFile; fileRef = 09D7ABB524E384C8009BAE5B /* LaunchScreen.storyboard */; };
		09D7ABC224E3862A009BAE5B /* Core.swift in Sources */ = {isa = PBXBuildFile; fileRef = 09D7ABC124E3862A009BAE5B /* Core.swift */; };
		09D7ABC724E3876D009BAE5B /* Size.swift in Sources */ = {isa = PBXBuildFile; fileRef = 09D7ABC624E3876D009BAE5B /* Size.swift */; };
		09D7ABC924E3877B009BAE5B /* Color.swift in Sources */ = {isa = PBXBuildFile; fileRef = 09D7ABC824E3877B009BAE5B /* Color.swift */; };
		09D7ABCB24E38784009BAE5B /* Value.swift in Sources */ = {isa = PBXBuildFile; fileRef = 09D7ABCA24E38784009BAE5B /* Value.swift */; };
		09D7ABCE24E387F7009BAE5B /* Stage.swift in Sources */ = {isa = PBXBuildFile; fileRef = 09D7ABCD24E387F7009BAE5B /* Stage.swift */; };
		09D7ABD024E3880C009BAE5B /* Game.swift in Sources */ = {isa = PBXBuildFile; fileRef = 09D7ABCF24E3880C009BAE5B /* Game.swift */; };
		09D7ABD224E38B5D009BAE5B /* Device.swift in Sources */ = {isa = PBXBuildFile; fileRef = 09D7ABD124E38B5D009BAE5B /* Device.swift */; };
		09D7ABD424E38EED009BAE5B /* extend.swift in Sources */ = {isa = PBXBuildFile; fileRef = 09D7ABD324E38EED009BAE5B /* extend.swift */; };
		09D7ABD624E395E6009BAE5B /* Scene.swift in Sources */ = {isa = PBXBuildFile; fileRef = 09D7ABD524E395E6009BAE5B /* Scene.swift */; };
		09D7ABD924E39A38009BAE5B /* ActionUnit.swift in Sources */ = {isa = PBXBuildFile; fileRef = 09D7ABD824E39A38009BAE5B /* ActionUnit.swift */; };
		09D7ABDB24E39D11009BAE5B /* Test.swift in Sources */ = {isa = PBXBuildFile; fileRef = 09D7ABDA24E39D11009BAE5B /* Test.swift */; };
		09D7ABDD24E4350D009BAE5B /* GroundSet.swift in Sources */ = {isa = PBXBuildFile; fileRef = 09D7ABDC24E4350D009BAE5B /* GroundSet.swift */; };
		09D7ABDF24E4B76A009BAE5B /* Dungeon.swift in Sources */ = {isa = PBXBuildFile; fileRef = 09D7ABDE24E4B76A009BAE5B /* Dungeon.swift */; };
		09D7ABE224E4C2AD009BAE5B /* AncientRoad.swift in Sources */ = {isa = PBXBuildFile; fileRef = 09D7ABE124E4C2AD009BAE5B /* AncientRoad.swift */; };
		09D7ABE424E4C317009BAE5B /* TwistedMeadow.swift in Sources */ = {isa = PBXBuildFile; fileRef = 09D7ABE324E4C317009BAE5B /* TwistedMeadow.swift */; };
		09D7ABE624E4C4C7009BAE5B /* Unit.swift in Sources */ = {isa = PBXBuildFile; fileRef = 09D7ABE524E4C4C7009BAE5B /* Unit.swift */; };
		09D7ABE824E4C537009BAE5B /* Structure.swift in Sources */ = {isa = PBXBuildFile; fileRef = 09D7ABE724E4C537009BAE5B /* Structure.swift */; };
		09D7ABEA24E7F5E6009BAE5B /* CellNode.swift in Sources */ = {isa = PBXBuildFile; fileRef = 09D7ABE924E7F5E6009BAE5B /* CellNode.swift */; };
		09D7ABEC24E80DB7009BAE5B /* Type.swift in Sources */ = {isa = PBXBuildFile; fileRef = 09D7ABEB24E80DB7009BAE5B /* Type.swift */; };
		09D7ABEE24E80E2D009BAE5B /* item.swift in Sources */ = {isa = PBXBuildFile; fileRef = 09D7ABED24E80E2D009BAE5B /* item.swift */; };
		09D7ABF024E80EC8009BAE5B /* ItemData.swift in Sources */ = {isa = PBXBuildFile; fileRef = 09D7ABEF24E80EC8009BAE5B /* ItemData.swift */; };
		09D7ABF424EA2693009BAE5B /* Creature.swift in Sources */ = {isa = PBXBuildFile; fileRef = 09D7ABF324EA2693009BAE5B /* Creature.swift */; };
		09D7ABF724EA2718009BAE5B /* Spell.swift in Sources */ = {isa = PBXBuildFile; fileRef = 09D7ABF624EA2718009BAE5B /* Spell.swift */; };
		09D7ABFB24EA27AF009BAE5B /* CreatureData.swift in Sources */ = {isa = PBXBuildFile; fileRef = 09D7ABFA24EA27AF009BAE5B /* CreatureData.swift */; };
		09D7ABFD24EA3219009BAE5B /* Label.swift in Sources */ = {isa = PBXBuildFile; fileRef = 09D7ABFC24EA3219009BAE5B /* Label.swift */; };
		09D7AC0C24EADC08009BAE5B /* f1.ttf in Resources */ = {isa = PBXBuildFile; fileRef = 09D7AC0B24EADC04009BAE5B /* f1.ttf */; };
		09D7AC0F24EADC73009BAE5B /* font.ttf in Resources */ = {isa = PBXBuildFile; fileRef = 09D7AC0D24EADC3D009BAE5B /* font.ttf */; };
		09D7AC1024EADC76009BAE5B /* FZSJ-GUOGPYT.TTF in Resources */ = {isa = PBXBuildFile; fileRef = 09D7AC0E24EADC59009BAE5B /* FZSJ-GUOGPYT.TTF */; };
		09D7AC1324EC0C77009BAE5B /* Chest.swift in Sources */ = {isa = PBXBuildFile; fileRef = 09D7AC1224EC0C77009BAE5B /* Chest.swift */; };
		09D7AC1524EC0EE6009BAE5B /* Tower.swift in Sources */ = {isa = PBXBuildFile; fileRef = 09D7AC1424EC0EE6009BAE5B /* Tower.swift */; };
		09D7AC1824EC0FE6009BAE5B /* Status.swift in Sources */ = {isa = PBXBuildFile; fileRef = 09D7AC1724EC0FE6009BAE5B /* Status.swift */; };
		09D7AC1A24EC1045009BAE5B /* Function.swift in Sources */ = {isa = PBXBuildFile; fileRef = 09D7AC1924EC1045009BAE5B /* Function.swift */; };
		09D7AC1C24F218C0009BAE5B /* HBar.swift in Sources */ = {isa = PBXBuildFile; fileRef = 09D7AC1B24F218C0009BAE5B /* HBar.swift */; };
		09D7AC1E24F25FB6009BAE5B /* IconButton.swift in Sources */ = {isa = PBXBuildFile; fileRef = 09D7AC1D24F25FB6009BAE5B /* IconButton.swift */; };
		09D7AC2024F7E9DB009BAE5B /* Button.swift in Sources */ = {isa = PBXBuildFile; fileRef = 09D7AC1F24F7E9DB009BAE5B /* Button.swift */; };
		09D7AC2224F7EB74009BAE5B /* Panel.swift in Sources */ = {isa = PBXBuildFile; fileRef = 09D7AC2124F7EB74009BAE5B /* Panel.swift */; };
		09D7AC2524FB948B009BAE5B /* RolePanel.swift in Sources */ = {isa = PBXBuildFile; fileRef = 09D7AC2424FB948B009BAE5B /* RolePanel.swift */; };
		09D7AC2724FB9589009BAE5B /* Thumb.swift in Sources */ = {isa = PBXBuildFile; fileRef = 09D7AC2624FB9589009BAE5B /* Thumb.swift */; };
		09D7AC2924FB9592009BAE5B /* Icon.swift in Sources */ = {isa = PBXBuildFile; fileRef = 09D7AC2824FB9592009BAE5B /* Icon.swift */; };
		09D7AC2B24FBA06F009BAE5B /* QualityNode.swift in Sources */ = {isa = PBXBuildFile; fileRef = 09D7AC2A24FBA06F009BAE5B /* QualityNode.swift */; };
		09D7AC2E24FBD3BC009BAE5B /* Showable.swift in Sources */ = {isa = PBXBuildFile; fileRef = 09D7AC2D24FBD3BC009BAE5B /* Showable.swift */; };
		09D7AC3024FBD9EA009BAE5B /* TradePanel.swift in Sources */ = {isa = PBXBuildFile; fileRef = 09D7AC2F24FBD9EA009BAE5B /* TradePanel.swift */; };
		09D7AC3324FBE1B4009BAE5B /* StatusIcon.swift in Sources */ = {isa = PBXBuildFile; fileRef = 09D7AC3224FBE1B4009BAE5B /* StatusIcon.swift */; };
		09D7AC3524FE9156009BAE5B /* Window.swift in Sources */ = {isa = PBXBuildFile; fileRef = 09D7AC3424FE9156009BAE5B /* Window.swift */; };
		09D7AC3824FE9233009BAE5B /* StatusWindow.swift in Sources */ = {isa = PBXBuildFile; fileRef = 09D7AC3724FE9233009BAE5B /* StatusWindow.swift */; };
		09D7AC3A24FE934E009BAE5B /* MultiLabel.swift in Sources */ = {isa = PBXBuildFile; fileRef = 09D7AC3924FE934E009BAE5B /* MultiLabel.swift */; };
		09D7AC3C2500E8CB009BAE5B /* Attribute.swift in Sources */ = {isa = PBXBuildFile; fileRef = 09D7AC3B2500E8CB009BAE5B /* Attribute.swift */; };
		09D7AC3E2500ECCC009BAE5B /* ArmorData.swift in Sources */ = {isa = PBXBuildFile; fileRef = 09D7AC3D2500ECCC009BAE5B /* ArmorData.swift */; };
		09D7AC402500ED52009BAE5B /* SacredData.swift in Sources */ = {isa = PBXBuildFile; fileRef = 09D7AC3F2500ED52009BAE5B /* SacredData.swift */; };
		09D7AC422500F1FC009BAE5B /* Armor.swift in Sources */ = {isa = PBXBuildFile; fileRef = 09D7AC412500F1FC009BAE5B /* Armor.swift */; };
		09D7AC442501FFD1009BAE5B /* ItemPanel.swift in Sources */ = {isa = PBXBuildFile; fileRef = 09D7AC432501FFD1009BAE5B /* ItemPanel.swift */; };
		09D7AC4625020041009BAE5B /* Character.swift in Sources */ = {isa = PBXBuildFile; fileRef = 09D7AC4525020041009BAE5B /* Character.swift */; };
		09D7AC4825020828009BAE5B /* ArmorSlot.swift in Sources */ = {isa = PBXBuildFile; fileRef = 09D7AC4725020828009BAE5B /* ArmorSlot.swift */; };
		09D7AC4A25020DA4009BAE5B /* ArmorIcon.swift in Sources */ = {isa = PBXBuildFile; fileRef = 09D7AC4925020DA4009BAE5B /* ArmorIcon.swift */; };
		09D7AC4C25020FEE009BAE5B /* ArmorWindow.swift in Sources */ = {isa = PBXBuildFile; fileRef = 09D7AC4B25020FEE009BAE5B /* ArmorWindow.swift */; };
		09D7AC4E25027F8E009BAE5B /* Confirm.swift in Sources */ = {isa = PBXBuildFile; fileRef = 09D7AC4D25027F8E009BAE5B /* Confirm.swift */; };
		09D7AC5025028677009BAE5B /* MinionPanel_bf.swift in Sources */ = {isa = PBXBuildFile; fileRef = 09D7AC4F25028677009BAE5B /* MinionPanel_bf.swift */; };
		09D7AC5325028D72009BAE5B /* Field.swift in Sources */ = {isa = PBXBuildFile; fileRef = 09D7AC5225028D72009BAE5B /* Field.swift */; };
		09D7AC5525028DD8009BAE5B /* Battle.swift in Sources */ = {isa = PBXBuildFile; fileRef = 09D7AC5425028DD8009BAE5B /* Battle.swift */; };
		09D7AC5725032C60009BAE5B /* FieldPanel.swift in Sources */ = {isa = PBXBuildFile; fileRef = 09D7AC5625032C60009BAE5B /* FieldPanel.swift */; };
		09D7AC5925032CCA009BAE5B /* FieldThumb.swift in Sources */ = {isa = PBXBuildFile; fileRef = 09D7AC5825032CCA009BAE5B /* FieldThumb.swift */; };
		09D7AC5B25032E0A009BAE5B /* FieldSlot.swift in Sources */ = {isa = PBXBuildFile; fileRef = 09D7AC5A25032E0A009BAE5B /* FieldSlot.swift */; };
		09D7AC5D25032F32009BAE5B /* Hexagram.swift in Sources */ = {isa = PBXBuildFile; fileRef = 09D7AC5C25032F32009BAE5B /* Hexagram.swift */; };
		09D7AC5F250331E0009BAE5B /* FieldConfigPanel.swift in Sources */ = {isa = PBXBuildFile; fileRef = 09D7AC5E250331E0009BAE5B /* FieldConfigPanel.swift */; };
		09D7AC612503443E009BAE5B /* FieldData.swift in Sources */ = {isa = PBXBuildFile; fileRef = 09D7AC602503443E009BAE5B /* FieldData.swift */; };
		09D7AC6325035FD1009BAE5B /* RoleSelectPanel.swift in Sources */ = {isa = PBXBuildFile; fileRef = 09D7AC6225035FD1009BAE5B /* RoleSelectPanel.swift */; };
		09D7AC6625037C03009BAE5B /* BattleUnit.swift in Sources */ = {isa = PBXBuildFile; fileRef = 09D7AC6525037C03009BAE5B /* BattleUnit.swift */; };
		09D7AC68250389E4009BAE5B /* SubPanel.swift in Sources */ = {isa = PBXBuildFile; fileRef = 09D7AC67250389E4009BAE5B /* SubPanel.swift */; };
		09D7AC6A2503940F009BAE5B /* Alert.swift in Sources */ = {isa = PBXBuildFile; fileRef = 09D7AC692503940F009BAE5B /* Alert.swift */; };
		09D7AC6C2503D8F2009BAE5B /* ValueUnit.swift in Sources */ = {isa = PBXBuildFile; fileRef = 09D7AC6B2503D8F2009BAE5B /* ValueUnit.swift */; };
		09D7AC6E25047EEE009BAE5B /* Attack.swift in Sources */ = {isa = PBXBuildFile; fileRef = 09D7AC6D25047EEE009BAE5B /* Attack.swift */; };
		09D7AC7025049C94009BAE5B /* Damage.swift in Sources */ = {isa = PBXBuildFile; fileRef = 09D7AC6F25049C94009BAE5B /* Damage.swift */; };
		09D7AC722504DE7A009BAE5B /* BlackCat.swift in Sources */ = {isa = PBXBuildFile; fileRef = 09D7AC712504DE7A009BAE5B /* BlackCat.swift */; };
		09D7AC742504DEED009BAE5B /* AFu.swift in Sources */ = {isa = PBXBuildFile; fileRef = 09D7AC732504DEED009BAE5B /* AFu.swift */; };
		09D7AC76250518AB009BAE5B /* EnemyNode.swift in Sources */ = {isa = PBXBuildFile; fileRef = 09D7AC75250518AB009BAE5B /* EnemyNode.swift */; };
		09D7AC782507C16E009BAE5B /* UnitIcon.swift in Sources */ = {isa = PBXBuildFile; fileRef = 09D7AC772507C16E009BAE5B /* UnitIcon.swift */; };
		09D7AC7A25091989009BAE5B /* ActionIcon.swift in Sources */ = {isa = PBXBuildFile; fileRef = 09D7AC7925091989009BAE5B /* ActionIcon.swift */; };
		09D7AC7C25091D3F009BAE5B /* Defend.swift in Sources */ = {isa = PBXBuildFile; fileRef = 09D7AC7B25091D3F009BAE5B /* Defend.swift */; };
		09D7AC7E250E4B42009BAE5B /* UseItem.swift in Sources */ = {isa = PBXBuildFile; fileRef = 09D7AC7D250E4B42009BAE5B /* UseItem.swift */; };
		09D7AC80250E4B5D009BAE5B /* Summon.swift in Sources */ = {isa = PBXBuildFile; fileRef = 09D7AC7F250E4B5C009BAE5B /* Summon.swift */; };
		09D7AC82250E4BCA009BAE5B /* Withdraw.swift in Sources */ = {isa = PBXBuildFile; fileRef = 09D7AC81250E4BCA009BAE5B /* Withdraw.swift */; };
		09D7AC85250E4D4E009BAE5B /* Cancel.swift in Sources */ = {isa = PBXBuildFile; fileRef = 09D7AC84250E4D4E009BAE5B /* Cancel.swift */; };
		09D7AC87250FAFCD009BAE5B /* PureItemPanel.swift in Sources */ = {isa = PBXBuildFile; fileRef = 09D7AC86250FAFCD009BAE5B /* PureItemPanel.swift */; };
		09D7AC89250FB0B7009BAE5B /* ItemSelectPanel.swift in Sources */ = {isa = PBXBuildFile; fileRef = 09D7AC88250FB0B7009BAE5B /* ItemSelectPanel.swift */; };
		09D7AC8B250FB2FD009BAE5B /* Castable.swift in Sources */ = {isa = PBXBuildFile; fileRef = 09D7AC8A250FB2FD009BAE5B /* Castable.swift */; };
		09D7AC8D25123645009BAE5B /* ItemIcon.swift in Sources */ = {isa = PBXBuildFile; fileRef = 09D7AC8C25123645009BAE5B /* ItemIcon.swift */; };
		09D7AC8F251242ED009BAE5B /* ItemWindow.swift in Sources */ = {isa = PBXBuildFile; fileRef = 09D7AC8E251242ED009BAE5B /* ItemWindow.swift */; };
		09D7AC92251249FD009BAE5B /* LowerFlame.swift in Sources */ = {isa = PBXBuildFile; fileRef = 09D7AC91251249FD009BAE5B /* LowerFlame.swift */; };
		09D7AC9425124CD1009BAE5B /* AnimationOption.swift in Sources */ = {isa = PBXBuildFile; fileRef = 09D7AC9325124CD1009BAE5B /* AnimationOption.swift */; };
		09D7AC9625220434009BAE5B /* RoleThumb.swift in Sources */ = {isa = PBXBuildFile; fileRef = 09D7AC9525220434009BAE5B /* RoleThumb.swift */; };
		09D7AC9825220EFC009BAE5B /* MinionsPanel.swift in Sources */ = {isa = PBXBuildFile; fileRef = 09D7AC9725220EFC009BAE5B /* MinionsPanel.swift */; };
		09D7AC9A252B750B009BAE5B /* LootPanel.swift in Sources */ = {isa = PBXBuildFile; fileRef = 09D7AC99252B750B009BAE5B /* LootPanel.swift */; };
		09D7AC9D252C9353009BAE5B /* Loot.swift in Sources */ = {isa = PBXBuildFile; fileRef = 09D7AC9C252C9353009BAE5B /* Loot.swift */; };
		09D7AC9F252C9556009BAE5B /* Stackable.swift in Sources */ = {isa = PBXBuildFile; fileRef = 09D7AC9E252C9556009BAE5B /* Stackable.swift */; };
/* End PBXBuildFile section */

/* Begin PBXFileReference section */
		09D7ABA324E384C7009BAE5B /* MyTravel.app */ = {isa = PBXFileReference; explicitFileType = wrapper.application; includeInIndex = 0; path = MyTravel.app; sourceTree = BUILT_PRODUCTS_DIR; };
		09D7ABA624E384C7009BAE5B /* AppDelegate.swift */ = {isa = PBXFileReference; lastKnownFileType = sourcecode.swift; path = AppDelegate.swift; sourceTree = "<group>"; };
		09D7ABA824E384C7009BAE5B /* GameScene.sks */ = {isa = PBXFileReference; lastKnownFileType = file.sks; path = GameScene.sks; sourceTree = "<group>"; };
		09D7ABAA24E384C7009BAE5B /* Actions.sks */ = {isa = PBXFileReference; lastKnownFileType = file.sks; path = Actions.sks; sourceTree = "<group>"; };
		09D7ABAC24E384C7009BAE5B /* GameScene.swift */ = {isa = PBXFileReference; lastKnownFileType = sourcecode.swift; path = GameScene.swift; sourceTree = "<group>"; };
		09D7ABAE24E384C7009BAE5B /* GameViewController.swift */ = {isa = PBXFileReference; lastKnownFileType = sourcecode.swift; path = GameViewController.swift; sourceTree = "<group>"; };
		09D7ABB124E384C7009BAE5B /* Base */ = {isa = PBXFileReference; lastKnownFileType = file.storyboard; name = Base; path = Base.lproj/Main.storyboard; sourceTree = "<group>"; };
		09D7ABB324E384C8009BAE5B /* Assets.xcassets */ = {isa = PBXFileReference; lastKnownFileType = folder.assetcatalog; path = Assets.xcassets; sourceTree = "<group>"; };
		09D7ABB624E384C8009BAE5B /* Base */ = {isa = PBXFileReference; lastKnownFileType = file.storyboard; name = Base; path = Base.lproj/LaunchScreen.storyboard; sourceTree = "<group>"; };
		09D7ABB824E384C8009BAE5B /* Info.plist */ = {isa = PBXFileReference; lastKnownFileType = text.plist.xml; path = Info.plist; sourceTree = "<group>"; };
		09D7ABC124E3862A009BAE5B /* Core.swift */ = {isa = PBXFileReference; lastKnownFileType = sourcecode.swift; path = Core.swift; sourceTree = "<group>"; };
		09D7ABC624E3876D009BAE5B /* Size.swift */ = {isa = PBXFileReference; lastKnownFileType = sourcecode.swift; path = Size.swift; sourceTree = "<group>"; };
		09D7ABC824E3877B009BAE5B /* Color.swift */ = {isa = PBXFileReference; lastKnownFileType = sourcecode.swift; path = Color.swift; sourceTree = "<group>"; };
		09D7ABCA24E38784009BAE5B /* Value.swift */ = {isa = PBXFileReference; lastKnownFileType = sourcecode.swift; path = Value.swift; sourceTree = "<group>"; };
		09D7ABCD24E387F7009BAE5B /* Stage.swift */ = {isa = PBXFileReference; lastKnownFileType = sourcecode.swift; path = Stage.swift; sourceTree = "<group>"; };
		09D7ABCF24E3880C009BAE5B /* Game.swift */ = {isa = PBXFileReference; lastKnownFileType = sourcecode.swift; path = Game.swift; sourceTree = "<group>"; };
		09D7ABD124E38B5D009BAE5B /* Device.swift */ = {isa = PBXFileReference; lastKnownFileType = sourcecode.swift; path = Device.swift; sourceTree = "<group>"; };
		09D7ABD324E38EED009BAE5B /* extend.swift */ = {isa = PBXFileReference; lastKnownFileType = sourcecode.swift; path = extend.swift; sourceTree = "<group>"; };
		09D7ABD524E395E6009BAE5B /* Scene.swift */ = {isa = PBXFileReference; lastKnownFileType = sourcecode.swift; path = Scene.swift; sourceTree = "<group>"; };
		09D7ABD824E39A38009BAE5B /* ActionUnit.swift */ = {isa = PBXFileReference; lastKnownFileType = sourcecode.swift; path = ActionUnit.swift; sourceTree = "<group>"; };
		09D7ABDA24E39D11009BAE5B /* Test.swift */ = {isa = PBXFileReference; lastKnownFileType = sourcecode.swift; path = Test.swift; sourceTree = "<group>"; };
		09D7ABDC24E4350D009BAE5B /* GroundSet.swift */ = {isa = PBXFileReference; lastKnownFileType = sourcecode.swift; path = GroundSet.swift; sourceTree = "<group>"; };
		09D7ABDE24E4B76A009BAE5B /* Dungeon.swift */ = {isa = PBXFileReference; lastKnownFileType = sourcecode.swift; path = Dungeon.swift; sourceTree = "<group>"; };
		09D7ABE124E4C2AD009BAE5B /* AncientRoad.swift */ = {isa = PBXFileReference; lastKnownFileType = sourcecode.swift; path = AncientRoad.swift; sourceTree = "<group>"; };
		09D7ABE324E4C317009BAE5B /* TwistedMeadow.swift */ = {isa = PBXFileReference; lastKnownFileType = sourcecode.swift; path = TwistedMeadow.swift; sourceTree = "<group>"; };
		09D7ABE524E4C4C7009BAE5B /* Unit.swift */ = {isa = PBXFileReference; lastKnownFileType = sourcecode.swift; path = Unit.swift; sourceTree = "<group>"; };
		09D7ABE724E4C537009BAE5B /* Structure.swift */ = {isa = PBXFileReference; lastKnownFileType = sourcecode.swift; path = Structure.swift; sourceTree = "<group>"; };
		09D7ABE924E7F5E6009BAE5B /* CellNode.swift */ = {isa = PBXFileReference; lastKnownFileType = sourcecode.swift; path = CellNode.swift; sourceTree = "<group>"; };
		09D7ABEB24E80DB7009BAE5B /* Type.swift */ = {isa = PBXFileReference; lastKnownFileType = sourcecode.swift; path = Type.swift; sourceTree = "<group>"; };
		09D7ABED24E80E2D009BAE5B /* item.swift */ = {isa = PBXFileReference; lastKnownFileType = sourcecode.swift; path = item.swift; sourceTree = "<group>"; };
		09D7ABEF24E80EC8009BAE5B /* ItemData.swift */ = {isa = PBXFileReference; lastKnownFileType = sourcecode.swift; path = ItemData.swift; sourceTree = "<group>"; };
		09D7ABF324EA2693009BAE5B /* Creature.swift */ = {isa = PBXFileReference; lastKnownFileType = sourcecode.swift; path = Creature.swift; sourceTree = "<group>"; };
		09D7ABF624EA2718009BAE5B /* Spell.swift */ = {isa = PBXFileReference; lastKnownFileType = sourcecode.swift; path = Spell.swift; sourceTree = "<group>"; };
		09D7ABFA24EA27AF009BAE5B /* CreatureData.swift */ = {isa = PBXFileReference; lastKnownFileType = sourcecode.swift; path = CreatureData.swift; sourceTree = "<group>"; };
		09D7ABFC24EA3219009BAE5B /* Label.swift */ = {isa = PBXFileReference; lastKnownFileType = sourcecode.swift; path = Label.swift; sourceTree = "<group>"; };
		09D7AC0B24EADC04009BAE5B /* f1.ttf */ = {isa = PBXFileReference; lastKnownFileType = file; name = f1.ttf; path = ../../../../Downloads/f1.ttf; sourceTree = "<group>"; };
		09D7AC0D24EADC3D009BAE5B /* font.ttf */ = {isa = PBXFileReference; lastKnownFileType = file; name = font.ttf; path = ../../../../Downloads/font.ttf; sourceTree = "<group>"; };
		09D7AC0E24EADC59009BAE5B /* FZSJ-GUOGPYT.TTF */ = {isa = PBXFileReference; lastKnownFileType = file; name = "FZSJ-GUOGPYT.TTF"; path = "../../../../Downloads/FZSJ-GUOGPYT.TTF"; sourceTree = "<group>"; };
		09D7AC1224EC0C77009BAE5B /* Chest.swift */ = {isa = PBXFileReference; lastKnownFileType = sourcecode.swift; path = Chest.swift; sourceTree = "<group>"; };
		09D7AC1424EC0EE6009BAE5B /* Tower.swift */ = {isa = PBXFileReference; lastKnownFileType = sourcecode.swift; path = Tower.swift; sourceTree = "<group>"; };
		09D7AC1724EC0FE6009BAE5B /* Status.swift */ = {isa = PBXFileReference; lastKnownFileType = sourcecode.swift; path = Status.swift; sourceTree = "<group>"; };
		09D7AC1924EC1045009BAE5B /* Function.swift */ = {isa = PBXFileReference; lastKnownFileType = sourcecode.swift; path = Function.swift; sourceTree = "<group>"; };
		09D7AC1B24F218C0009BAE5B /* HBar.swift */ = {isa = PBXFileReference; lastKnownFileType = sourcecode.swift; path = HBar.swift; sourceTree = "<group>"; };
		09D7AC1D24F25FB6009BAE5B /* IconButton.swift */ = {isa = PBXFileReference; lastKnownFileType = sourcecode.swift; path = IconButton.swift; sourceTree = "<group>"; };
		09D7AC1F24F7E9DB009BAE5B /* Button.swift */ = {isa = PBXFileReference; lastKnownFileType = sourcecode.swift; path = Button.swift; sourceTree = "<group>"; };
		09D7AC2124F7EB74009BAE5B /* Panel.swift */ = {isa = PBXFileReference; lastKnownFileType = sourcecode.swift; path = Panel.swift; sourceTree = "<group>"; };
		09D7AC2424FB948B009BAE5B /* RolePanel.swift */ = {isa = PBXFileReference; lastKnownFileType = sourcecode.swift; path = RolePanel.swift; sourceTree = "<group>"; };
		09D7AC2624FB9589009BAE5B /* Thumb.swift */ = {isa = PBXFileReference; lastKnownFileType = sourcecode.swift; path = Thumb.swift; sourceTree = "<group>"; };
		09D7AC2824FB9592009BAE5B /* Icon.swift */ = {isa = PBXFileReference; lastKnownFileType = sourcecode.swift; path = Icon.swift; sourceTree = "<group>"; };
		09D7AC2A24FBA06F009BAE5B /* QualityNode.swift */ = {isa = PBXFileReference; lastKnownFileType = sourcecode.swift; path = QualityNode.swift; sourceTree = "<group>"; };
		09D7AC2D24FBD3BC009BAE5B /* Showable.swift */ = {isa = PBXFileReference; lastKnownFileType = sourcecode.swift; path = Showable.swift; sourceTree = "<group>"; };
		09D7AC2F24FBD9EA009BAE5B /* TradePanel.swift */ = {isa = PBXFileReference; lastKnownFileType = sourcecode.swift; path = TradePanel.swift; sourceTree = "<group>"; };
		09D7AC3224FBE1B4009BAE5B /* StatusIcon.swift */ = {isa = PBXFileReference; lastKnownFileType = sourcecode.swift; path = StatusIcon.swift; sourceTree = "<group>"; };
		09D7AC3424FE9156009BAE5B /* Window.swift */ = {isa = PBXFileReference; lastKnownFileType = sourcecode.swift; path = Window.swift; sourceTree = "<group>"; };
		09D7AC3724FE9233009BAE5B /* StatusWindow.swift */ = {isa = PBXFileReference; lastKnownFileType = sourcecode.swift; path = StatusWindow.swift; sourceTree = "<group>"; };
		09D7AC3924FE934E009BAE5B /* MultiLabel.swift */ = {isa = PBXFileReference; lastKnownFileType = sourcecode.swift; path = MultiLabel.swift; sourceTree = "<group>"; };
		09D7AC3B2500E8CB009BAE5B /* Attribute.swift */ = {isa = PBXFileReference; lastKnownFileType = sourcecode.swift; path = Attribute.swift; sourceTree = "<group>"; };
		09D7AC3D2500ECCC009BAE5B /* ArmorData.swift */ = {isa = PBXFileReference; lastKnownFileType = sourcecode.swift; path = ArmorData.swift; sourceTree = "<group>"; };
		09D7AC3F2500ED52009BAE5B /* SacredData.swift */ = {isa = PBXFileReference; lastKnownFileType = sourcecode.swift; path = SacredData.swift; sourceTree = "<group>"; };
		09D7AC412500F1FC009BAE5B /* Armor.swift */ = {isa = PBXFileReference; lastKnownFileType = sourcecode.swift; path = Armor.swift; sourceTree = "<group>"; };
		09D7AC432501FFD1009BAE5B /* ItemPanel.swift */ = {isa = PBXFileReference; lastKnownFileType = sourcecode.swift; path = ItemPanel.swift; sourceTree = "<group>"; };
		09D7AC4525020041009BAE5B /* Character.swift */ = {isa = PBXFileReference; lastKnownFileType = sourcecode.swift; path = Character.swift; sourceTree = "<group>"; };
		09D7AC4725020828009BAE5B /* ArmorSlot.swift */ = {isa = PBXFileReference; lastKnownFileType = sourcecode.swift; path = ArmorSlot.swift; sourceTree = "<group>"; };
		09D7AC4925020DA4009BAE5B /* ArmorIcon.swift */ = {isa = PBXFileReference; lastKnownFileType = sourcecode.swift; path = ArmorIcon.swift; sourceTree = "<group>"; };
		09D7AC4B25020FEE009BAE5B /* ArmorWindow.swift */ = {isa = PBXFileReference; lastKnownFileType = sourcecode.swift; path = ArmorWindow.swift; sourceTree = "<group>"; };
		09D7AC4D25027F8E009BAE5B /* Confirm.swift */ = {isa = PBXFileReference; lastKnownFileType = sourcecode.swift; path = Confirm.swift; sourceTree = "<group>"; };
		09D7AC4F25028677009BAE5B /* MinionPanel_bf.swift */ = {isa = PBXFileReference; lastKnownFileType = sourcecode.swift; path = MinionPanel_bf.swift; sourceTree = "<group>"; };
		09D7AC5225028D72009BAE5B /* Field.swift */ = {isa = PBXFileReference; lastKnownFileType = sourcecode.swift; path = Field.swift; sourceTree = "<group>"; };
		09D7AC5425028DD8009BAE5B /* Battle.swift */ = {isa = PBXFileReference; lastKnownFileType = sourcecode.swift; path = Battle.swift; sourceTree = "<group>"; };
		09D7AC5625032C60009BAE5B /* FieldPanel.swift */ = {isa = PBXFileReference; lastKnownFileType = sourcecode.swift; path = FieldPanel.swift; sourceTree = "<group>"; };
		09D7AC5825032CCA009BAE5B /* FieldThumb.swift */ = {isa = PBXFileReference; lastKnownFileType = sourcecode.swift; path = FieldThumb.swift; sourceTree = "<group>"; };
		09D7AC5A25032E0A009BAE5B /* FieldSlot.swift */ = {isa = PBXFileReference; lastKnownFileType = sourcecode.swift; path = FieldSlot.swift; sourceTree = "<group>"; };
		09D7AC5C25032F32009BAE5B /* Hexagram.swift */ = {isa = PBXFileReference; lastKnownFileType = sourcecode.swift; path = Hexagram.swift; sourceTree = "<group>"; };
		09D7AC5E250331E0009BAE5B /* FieldConfigPanel.swift */ = {isa = PBXFileReference; lastKnownFileType = sourcecode.swift; path = FieldConfigPanel.swift; sourceTree = "<group>"; };
		09D7AC602503443E009BAE5B /* FieldData.swift */ = {isa = PBXFileReference; lastKnownFileType = sourcecode.swift; path = FieldData.swift; sourceTree = "<group>"; };
		09D7AC6225035FD1009BAE5B /* RoleSelectPanel.swift */ = {isa = PBXFileReference; lastKnownFileType = sourcecode.swift; path = RoleSelectPanel.swift; sourceTree = "<group>"; };
		09D7AC6525037C03009BAE5B /* BattleUnit.swift */ = {isa = PBXFileReference; lastKnownFileType = sourcecode.swift; path = BattleUnit.swift; sourceTree = "<group>"; };
		09D7AC67250389E4009BAE5B /* SubPanel.swift */ = {isa = PBXFileReference; lastKnownFileType = sourcecode.swift; path = SubPanel.swift; sourceTree = "<group>"; };
		09D7AC692503940F009BAE5B /* Alert.swift */ = {isa = PBXFileReference; lastKnownFileType = sourcecode.swift; path = Alert.swift; sourceTree = "<group>"; };
		09D7AC6B2503D8F2009BAE5B /* ValueUnit.swift */ = {isa = PBXFileReference; lastKnownFileType = sourcecode.swift; path = ValueUnit.swift; sourceTree = "<group>"; };
		09D7AC6D25047EEE009BAE5B /* Attack.swift */ = {isa = PBXFileReference; lastKnownFileType = sourcecode.swift; path = Attack.swift; sourceTree = "<group>"; };
		09D7AC6F25049C94009BAE5B /* Damage.swift */ = {isa = PBXFileReference; lastKnownFileType = sourcecode.swift; path = Damage.swift; sourceTree = "<group>"; };
		09D7AC712504DE7A009BAE5B /* BlackCat.swift */ = {isa = PBXFileReference; lastKnownFileType = sourcecode.swift; path = BlackCat.swift; sourceTree = "<group>"; };
		09D7AC732504DEED009BAE5B /* AFu.swift */ = {isa = PBXFileReference; lastKnownFileType = sourcecode.swift; path = AFu.swift; sourceTree = "<group>"; };
		09D7AC75250518AB009BAE5B /* EnemyNode.swift */ = {isa = PBXFileReference; lastKnownFileType = sourcecode.swift; path = EnemyNode.swift; sourceTree = "<group>"; };
		09D7AC772507C16E009BAE5B /* UnitIcon.swift */ = {isa = PBXFileReference; lastKnownFileType = sourcecode.swift; path = UnitIcon.swift; sourceTree = "<group>"; };
		09D7AC7925091989009BAE5B /* ActionIcon.swift */ = {isa = PBXFileReference; lastKnownFileType = sourcecode.swift; path = ActionIcon.swift; sourceTree = "<group>"; };
		09D7AC7B25091D3F009BAE5B /* Defend.swift */ = {isa = PBXFileReference; lastKnownFileType = sourcecode.swift; path = Defend.swift; sourceTree = "<group>"; };
		09D7AC7D250E4B42009BAE5B /* UseItem.swift */ = {isa = PBXFileReference; lastKnownFileType = sourcecode.swift; path = UseItem.swift; sourceTree = "<group>"; };
		09D7AC7F250E4B5C009BAE5B /* Summon.swift */ = {isa = PBXFileReference; lastKnownFileType = sourcecode.swift; path = Summon.swift; sourceTree = "<group>"; };
		09D7AC81250E4BCA009BAE5B /* Withdraw.swift */ = {isa = PBXFileReference; lastKnownFileType = sourcecode.swift; path = Withdraw.swift; sourceTree = "<group>"; };
		09D7AC84250E4D4E009BAE5B /* Cancel.swift */ = {isa = PBXFileReference; lastKnownFileType = sourcecode.swift; path = Cancel.swift; sourceTree = "<group>"; };
		09D7AC86250FAFCD009BAE5B /* PureItemPanel.swift */ = {isa = PBXFileReference; lastKnownFileType = sourcecode.swift; path = PureItemPanel.swift; sourceTree = "<group>"; };
		09D7AC88250FB0B7009BAE5B /* ItemSelectPanel.swift */ = {isa = PBXFileReference; lastKnownFileType = sourcecode.swift; path = ItemSelectPanel.swift; sourceTree = "<group>"; };
		09D7AC8A250FB2FD009BAE5B /* Castable.swift */ = {isa = PBXFileReference; lastKnownFileType = sourcecode.swift; path = Castable.swift; sourceTree = "<group>"; };
		09D7AC8C25123645009BAE5B /* ItemIcon.swift */ = {isa = PBXFileReference; lastKnownFileType = sourcecode.swift; path = ItemIcon.swift; sourceTree = "<group>"; };
		09D7AC8E251242ED009BAE5B /* ItemWindow.swift */ = {isa = PBXFileReference; lastKnownFileType = sourcecode.swift; path = ItemWindow.swift; sourceTree = "<group>"; };
		09D7AC91251249FD009BAE5B /* LowerFlame.swift */ = {isa = PBXFileReference; lastKnownFileType = sourcecode.swift; path = LowerFlame.swift; sourceTree = "<group>"; };
		09D7AC9325124CD1009BAE5B /* AnimationOption.swift */ = {isa = PBXFileReference; lastKnownFileType = sourcecode.swift; path = AnimationOption.swift; sourceTree = "<group>"; };
		09D7AC9525220434009BAE5B /* RoleThumb.swift */ = {isa = PBXFileReference; lastKnownFileType = sourcecode.swift; path = RoleThumb.swift; sourceTree = "<group>"; };
		09D7AC9725220EFC009BAE5B /* MinionsPanel.swift */ = {isa = PBXFileReference; lastKnownFileType = sourcecode.swift; path = MinionsPanel.swift; sourceTree = "<group>"; };
		09D7AC99252B750B009BAE5B /* LootPanel.swift */ = {isa = PBXFileReference; lastKnownFileType = sourcecode.swift; path = LootPanel.swift; sourceTree = "<group>"; };
		09D7AC9C252C9353009BAE5B /* Loot.swift */ = {isa = PBXFileReference; lastKnownFileType = sourcecode.swift; path = Loot.swift; sourceTree = "<group>"; };
		09D7AC9E252C9556009BAE5B /* Stackable.swift */ = {isa = PBXFileReference; lastKnownFileType = sourcecode.swift; path = Stackable.swift; sourceTree = "<group>"; };
/* End PBXFileReference section */

/* Begin PBXFrameworksBuildPhase section */
		09D7ABA024E384C7009BAE5B /* Frameworks */ = {
			isa = PBXFrameworksBuildPhase;
			buildActionMask = 2147483647;
			files = (
			);
			runOnlyForDeploymentPostprocessing = 0;
		};
/* End PBXFrameworksBuildPhase section */

/* Begin PBXGroup section */
		09D7AB9A24E384C7009BAE5B = {
			isa = PBXGroup;
			children = (
				09D7ABA524E384C7009BAE5B /* MyTravel */,
				09D7ABA424E384C7009BAE5B /* Products */,
			);
			sourceTree = "<group>";
		};
		09D7ABA424E384C7009BAE5B /* Products */ = {
			isa = PBXGroup;
			children = (
				09D7ABA324E384C7009BAE5B /* MyTravel.app */,
			);
			name = Products;
			sourceTree = "<group>";
		};
		09D7ABA524E384C7009BAE5B /* MyTravel */ = {
			isa = PBXGroup;
			children = (
				09D7ABB824E384C8009BAE5B /* Info.plist */,
				09D7ABAA24E384C7009BAE5B /* Actions.sks */,
				09D7AC0B24EADC04009BAE5B /* f1.ttf */,
				09D7ABA824E384C7009BAE5B /* GameScene.sks */,
				09D7AC0D24EADC3D009BAE5B /* font.ttf */,
				09D7AC0E24EADC59009BAE5B /* FZSJ-GUOGPYT.TTF */,
				09D7ABA624E384C7009BAE5B /* AppDelegate.swift */,
				09D7ABAC24E384C7009BAE5B /* GameScene.swift */,
				09D7ABAE24E384C7009BAE5B /* GameViewController.swift */,
				09D7ABB324E384C8009BAE5B /* Assets.xcassets */,
				09D7ABBF24E3860B009BAE5B /* data */,
				09D7ABB524E384C8009BAE5B /* LaunchScreen.storyboard */,
				09D7ABB024E384C7009BAE5B /* Main.storyboard */,
				09D7ABC024E38612009BAE5B /* story */,
				09D7ABBE24E38604009BAE5B /* system */,
			);
			path = MyTravel;
			sourceTree = "<group>";
		};
		09D7ABBE24E38604009BAE5B /* system */ = {
			isa = PBXGroup;
			children = (
				09D7ABCF24E3880C009BAE5B /* Game.swift */,
				09D7AC2C24FBD3AE009BAE5B /* interface */,
				09D7ABC524E38664009BAE5B /* component */,
				09D7ABC324E38653009BAE5B /* tool */,
				09D7ABC424E3865E009BAE5B /* ui */,
			);
			path = system;
			sourceTree = "<group>";
		};
		09D7ABBF24E3860B009BAE5B /* data */ = {
			isa = PBXGroup;
			children = (
				09D7ABC624E3876D009BAE5B /* Size.swift */,
				09D7ABC824E3877B009BAE5B /* Color.swift */,
				09D7ABCA24E38784009BAE5B /* Value.swift */,
				09D7ABE724E4C537009BAE5B /* Structure.swift */,
				09D7ABEB24E80DB7009BAE5B /* Type.swift */,
				09D7ABEF24E80EC8009BAE5B /* ItemData.swift */,
				09D7ABFA24EA27AF009BAE5B /* CreatureData.swift */,
				09D7AC3D2500ECCC009BAE5B /* ArmorData.swift */,
				09D7AC3F2500ED52009BAE5B /* SacredData.swift */,
				09D7AC602503443E009BAE5B /* FieldData.swift */,
			);
			path = data;
			sourceTree = "<group>";
		};
		09D7ABC024E38612009BAE5B /* story */ = {
			isa = PBXGroup;
			children = (
				09D7AC5125028D66009BAE5B /* field */,
				09D7AC1624EC0FD5009BAE5B /* status */,
				09D7ABF924EA2764009BAE5B /* item */,
				09D7ABF824EA274E009BAE5B /* unit */,
				09D7ABF524EA2709009BAE5B /* spell */,
				09D7ABC124E3862A009BAE5B /* Core.swift */,
			);
			path = story;
			sourceTree = "<group>";
		};
		09D7ABC324E38653009BAE5B /* tool */ = {
			isa = PBXGroup;
			children = (
				09D7ABD124E38B5D009BAE5B /* Device.swift */,
				09D7ABDA24E39D11009BAE5B /* Test.swift */,
				09D7ABDC24E4350D009BAE5B /* GroundSet.swift */,
				09D7AC1924EC1045009BAE5B /* Function.swift */,
			);
			path = tool;
			sourceTree = "<group>";
		};
		09D7ABC424E3865E009BAE5B /* ui */ = {
			isa = PBXGroup;
			children = (
				09D7AC6425037AEA009BAE5B /* battle */,
				09D7AC3624FE9226009BAE5B /* window */,
				09D7AC3124FBE173009BAE5B /* icon */,
				09D7AC2324FB9477009BAE5B /* panel */,
				09D7ABD724E39A2D009BAE5B /* action */,
				09D7ABCC24E3878F009BAE5B /* stage */,
				09D7ABD324E38EED009BAE5B /* extend.swift */,
			);
			path = ui;
			sourceTree = "<group>";
		};
		09D7ABC524E38664009BAE5B /* component */ = {
			isa = PBXGroup;
			children = (
				09D7ABFC24EA3219009BAE5B /* Label.swift */,
				09D7AC1B24F218C0009BAE5B /* HBar.swift */,
				09D7AC1D24F25FB6009BAE5B /* IconButton.swift */,
				09D7AC1F24F7E9DB009BAE5B /* Button.swift */,
				09D7AC2124F7EB74009BAE5B /* Panel.swift */,
				09D7AC2624FB9589009BAE5B /* Thumb.swift */,
				09D7AC2824FB9592009BAE5B /* Icon.swift */,
				09D7AC2A24FBA06F009BAE5B /* QualityNode.swift */,
				09D7AC3424FE9156009BAE5B /* Window.swift */,
				09D7AC3924FE934E009BAE5B /* MultiLabel.swift */,
				09D7AC4D25027F8E009BAE5B /* Confirm.swift */,
				09D7AC5825032CCA009BAE5B /* FieldThumb.swift */,
				09D7AC67250389E4009BAE5B /* SubPanel.swift */,
				09D7AC692503940F009BAE5B /* Alert.swift */,
			);
			path = component;
			sourceTree = "<group>";
		};
		09D7ABCC24E3878F009BAE5B /* stage */ = {
			isa = PBXGroup;
			children = (
				09D7AC1124EC0BEA009BAE5B /* cell */,
				09D7ABE024E4C21F009BAE5B /* AncientRoad */,
				09D7ABCD24E387F7009BAE5B /* Stage.swift */,
				09D7ABD524E395E6009BAE5B /* Scene.swift */,
				09D7ABDE24E4B76A009BAE5B /* Dungeon.swift */,
			);
			path = stage;
			sourceTree = "<group>";
		};
		09D7ABD724E39A2D009BAE5B /* action */ = {
			isa = PBXGroup;
			children = (
			);
			path = action;
			sourceTree = "<group>";
		};
		09D7ABE024E4C21F009BAE5B /* AncientRoad */ = {
			isa = PBXGroup;
			children = (
				09D7ABE124E4C2AD009BAE5B /* AncientRoad.swift */,
				09D7ABE324E4C317009BAE5B /* TwistedMeadow.swift */,
			);
			path = AncientRoad;
			sourceTree = "<group>";
		};
		09D7ABF524EA2709009BAE5B /* spell */ = {
			isa = PBXGroup;
			children = (
				09D7AC90251249EF009BAE5B /* normal */,
				09D7ABF624EA2718009BAE5B /* Spell.swift */,
				09D7AC6D25047EEE009BAE5B /* Attack.swift */,
				09D7AC6F25049C94009BAE5B /* Damage.swift */,
			);
			path = spell;
			sourceTree = "<group>";
		};
		09D7ABF824EA274E009BAE5B /* unit */ = {
			isa = PBXGroup;
			children = (
				09D7ABE524E4C4C7009BAE5B /* Unit.swift */,
				09D7ABF324EA2693009BAE5B /* Creature.swift */,
				09D7AC4525020041009BAE5B /* Character.swift */,
				09D7AC712504DE7A009BAE5B /* BlackCat.swift */,
				09D7AC732504DEED009BAE5B /* AFu.swift */,
			);
			path = unit;
			sourceTree = "<group>";
		};
		09D7ABF924EA2764009BAE5B /* item */ = {
			isa = PBXGroup;
			children = (
				09D7ABED24E80E2D009BAE5B /* item.swift */,
				09D7AC3B2500E8CB009BAE5B /* Attribute.swift */,
				09D7AC412500F1FC009BAE5B /* Armor.swift */,
			);
			path = item;
			sourceTree = "<group>";
		};
		09D7AC1124EC0BEA009BAE5B /* cell */ = {
			isa = PBXGroup;
			children = (
				09D7ABE924E7F5E6009BAE5B /* CellNode.swift */,
				09D7AC1224EC0C77009BAE5B /* Chest.swift */,
				09D7AC1424EC0EE6009BAE5B /* Tower.swift */,
				09D7AC75250518AB009BAE5B /* EnemyNode.swift */,
			);
			path = cell;
			sourceTree = "<group>";
		};
		09D7AC1624EC0FD5009BAE5B /* status */ = {
			isa = PBXGroup;
			children = (
				09D7AC1724EC0FE6009BAE5B /* Status.swift */,
			);
			path = status;
			sourceTree = "<group>";
		};
		09D7AC2324FB9477009BAE5B /* panel */ = {
			isa = PBXGroup;
			children = (
				09D7AC2424FB948B009BAE5B /* RolePanel.swift */,
				09D7AC2F24FBD9EA009BAE5B /* TradePanel.swift */,
				09D7AC432501FFD1009BAE5B /* ItemPanel.swift */,
				09D7AC4F25028677009BAE5B /* MinionPanel_bf.swift */,
				09D7AC5625032C60009BAE5B /* FieldPanel.swift */,
				09D7AC5E250331E0009BAE5B /* FieldConfigPanel.swift */,
				09D7AC6225035FD1009BAE5B /* RoleSelectPanel.swift */,
				09D7AC86250FAFCD009BAE5B /* PureItemPanel.swift */,
				09D7AC9725220EFC009BAE5B /* MinionsPanel.swift */,
			);
			path = panel;
			sourceTree = "<group>";
		};
		09D7AC2C24FBD3AE009BAE5B /* interface */ = {
			isa = PBXGroup;
			children = (
				09D7AC2D24FBD3BC009BAE5B /* Showable.swift */,
				09D7AC8A250FB2FD009BAE5B /* Castable.swift */,
				09D7AC9E252C9556009BAE5B /* Stackable.swift */,
			);
			path = interface;
			sourceTree = "<group>";
		};
		09D7AC3124FBE173009BAE5B /* icon */ = {
			isa = PBXGroup;
			children = (
				09D7AC5A25032E0A009BAE5B /* FieldSlot.swift */,
				09D7AC3224FBE1B4009BAE5B /* StatusIcon.swift */,
				09D7AC4725020828009BAE5B /* ArmorSlot.swift */,
				09D7AC4925020DA4009BAE5B /* ArmorIcon.swift */,
				09D7AC8C25123645009BAE5B /* ItemIcon.swift */,
				09D7AC9525220434009BAE5B /* RoleThumb.swift */,
			);
			path = icon;
			sourceTree = "<group>";
		};
		09D7AC3624FE9226009BAE5B /* window */ = {
			isa = PBXGroup;
			children = (
				09D7AC3724FE9233009BAE5B /* StatusWindow.swift */,
				09D7AC4B25020FEE009BAE5B /* ArmorWindow.swift */,
				09D7AC8E251242ED009BAE5B /* ItemWindow.swift */,
			);
			path = window;
			sourceTree = "<group>";
		};
		09D7AC5125028D66009BAE5B /* field */ = {
			isa = PBXGroup;
			children = (
				09D7AC5225028D72009BAE5B /* Field.swift */,
				09D7AC5C25032F32009BAE5B /* Hexagram.swift */,
			);
			path = field;
			sourceTree = "<group>";
		};
		09D7AC6425037AEA009BAE5B /* battle */ = {
			isa = PBXGroup;
			children = (
				09D7AC9B252C9343009BAE5B /* loot */,
				09D7AC83250E4D25009BAE5B /* action */,
				09D7AC5425028DD8009BAE5B /* Battle.swift */,
				09D7AC6525037C03009BAE5B /* BattleUnit.swift */,
				09D7AC6B2503D8F2009BAE5B /* ValueUnit.swift */,
				09D7ABD824E39A38009BAE5B /* ActionUnit.swift */,
				09D7AC772507C16E009BAE5B /* UnitIcon.swift */,
				09D7AC7925091989009BAE5B /* ActionIcon.swift */,
				09D7AC88250FB0B7009BAE5B /* ItemSelectPanel.swift */,
				09D7AC9325124CD1009BAE5B /* AnimationOption.swift */,
				09D7AC99252B750B009BAE5B /* LootPanel.swift */,
			);
			path = battle;
			sourceTree = "<group>";
		};
		09D7AC83250E4D25009BAE5B /* action */ = {
			isa = PBXGroup;
			children = (
				09D7AC7F250E4B5C009BAE5B /* Summon.swift */,
				09D7AC81250E4BCA009BAE5B /* Withdraw.swift */,
				09D7AC7B25091D3F009BAE5B /* Defend.swift */,
				09D7AC7D250E4B42009BAE5B /* UseItem.swift */,
				09D7AC84250E4D4E009BAE5B /* Cancel.swift */,
			);
			path = action;
			sourceTree = "<group>";
		};
		09D7AC90251249EF009BAE5B /* normal */ = {
			isa = PBXGroup;
			children = (
				09D7AC91251249FD009BAE5B /* LowerFlame.swift */,
			);
			path = normal;
			sourceTree = "<group>";
		};
		09D7AC9B252C9343009BAE5B /* loot */ = {
			isa = PBXGroup;
			children = (
				09D7AC9C252C9353009BAE5B /* Loot.swift */,
			);
			path = loot;
			sourceTree = "<group>";
		};
/* End PBXGroup section */

/* Begin PBXNativeTarget section */
		09D7ABA224E384C7009BAE5B /* MyTravel */ = {
			isa = PBXNativeTarget;
			buildConfigurationList = 09D7ABBB24E384C8009BAE5B /* Build configuration list for PBXNativeTarget "MyTravel" */;
			buildPhases = (
				09D7AB9F24E384C7009BAE5B /* Sources */,
				09D7ABA024E384C7009BAE5B /* Frameworks */,
				09D7ABA124E384C7009BAE5B /* Resources */,
			);
			buildRules = (
			);
			dependencies = (
			);
			name = MyTravel;
			productName = MyTravel;
			productReference = 09D7ABA324E384C7009BAE5B /* MyTravel.app */;
			productType = "com.apple.product-type.application";
		};
/* End PBXNativeTarget section */

/* Begin PBXProject section */
		09D7AB9B24E384C7009BAE5B /* Project object */ = {
			isa = PBXProject;
			attributes = {
				LastSwiftUpdateCheck = 1130;
				LastUpgradeCheck = 1130;
				ORGANIZATIONNAME = my.travel;
				TargetAttributes = {
					09D7ABA224E384C7009BAE5B = {
						CreatedOnToolsVersion = 11.3.1;
					};
				};
			};
			buildConfigurationList = 09D7AB9E24E384C7009BAE5B /* Build configuration list for PBXProject "MyTravel" */;
			compatibilityVersion = "Xcode 9.3";
			developmentRegion = en;
			hasScannedForEncodings = 0;
			knownRegions = (
				en,
				Base,
			);
			mainGroup = 09D7AB9A24E384C7009BAE5B;
			productRefGroup = 09D7ABA424E384C7009BAE5B /* Products */;
			projectDirPath = "";
			projectRoot = "";
			targets = (
				09D7ABA224E384C7009BAE5B /* MyTravel */,
			);
		};
/* End PBXProject section */

/* Begin PBXResourcesBuildPhase section */
		09D7ABA124E384C7009BAE5B /* Resources */ = {
			isa = PBXResourcesBuildPhase;
			buildActionMask = 2147483647;
			files = (
				09D7AC1024EADC76009BAE5B /* FZSJ-GUOGPYT.TTF in Resources */,
				09D7AC0F24EADC73009BAE5B /* font.ttf in Resources */,
				09D7AC0C24EADC08009BAE5B /* f1.ttf in Resources */,
				09D7ABB224E384C7009BAE5B /* Main.storyboard in Resources */,
				09D7ABA924E384C7009BAE5B /* GameScene.sks in Resources */,
				09D7ABB424E384C8009BAE5B /* Assets.xcassets in Resources */,
				09D7ABB724E384C8009BAE5B /* LaunchScreen.storyboard in Resources */,
				09D7ABAB24E384C7009BAE5B /* Actions.sks in Resources */,
			);
			runOnlyForDeploymentPostprocessing = 0;
		};
/* End PBXResourcesBuildPhase section */

/* Begin PBXSourcesBuildPhase section */
		09D7AB9F24E384C7009BAE5B /* Sources */ = {
			isa = PBXSourcesBuildPhase;
			buildActionMask = 2147483647;
			files = (
				09D7AC3324FBE1B4009BAE5B /* StatusIcon.swift in Sources */,
				09D7AC5B25032E0A009BAE5B /* FieldSlot.swift in Sources */,
				09D7ABF424EA2693009BAE5B /* Creature.swift in Sources */,
				09D7AC6A2503940F009BAE5B /* Alert.swift in Sources */,
				09D7ABAD24E384C7009BAE5B /* GameScene.swift in Sources */,
				09D7AC9425124CD1009BAE5B /* AnimationOption.swift in Sources */,
				09D7AC6E25047EEE009BAE5B /* Attack.swift in Sources */,
				09D7AC1C24F218C0009BAE5B /* HBar.swift in Sources */,
				09D7ABD024E3880C009BAE5B /* Game.swift in Sources */,
				09D7AC82250E4BCA009BAE5B /* Withdraw.swift in Sources */,
				09D7AC4C25020FEE009BAE5B /* ArmorWindow.swift in Sources */,
				09D7ABC724E3876D009BAE5B /* Size.swift in Sources */,
				09D7AC76250518AB009BAE5B /* EnemyNode.swift in Sources */,
				09D7ABDB24E39D11009BAE5B /* Test.swift in Sources */,
				09D7AC5725032C60009BAE5B /* FieldPanel.swift in Sources */,
				09D7ABEE24E80E2D009BAE5B /* item.swift in Sources */,
				09D7AC2024F7E9DB009BAE5B /* Button.swift in Sources */,
				09D7AC87250FAFCD009BAE5B /* PureItemPanel.swift in Sources */,
				09D7AC5025028677009BAE5B /* MinionPanel_bf.swift in Sources */,
				09D7ABDD24E4350D009BAE5B /* GroundSet.swift in Sources */,
				09D7AC9A252B750B009BAE5B /* LootPanel.swift in Sources */,
				09D7AC4E25027F8E009BAE5B /* Confirm.swift in Sources */,
				09D7AC6625037C03009BAE5B /* BattleUnit.swift in Sources */,
				09D7ABEC24E80DB7009BAE5B /* Type.swift in Sources */,
				09D7AC9825220EFC009BAE5B /* MinionsPanel.swift in Sources */,
				09D7AC7C25091D3F009BAE5B /* Defend.swift in Sources */,
				09D7AC3524FE9156009BAE5B /* Window.swift in Sources */,
				09D7AC4A25020DA4009BAE5B /* ArmorIcon.swift in Sources */,
				09D7AC92251249FD009BAE5B /* LowerFlame.swift in Sources */,
				09D7AC442501FFD1009BAE5B /* ItemPanel.swift in Sources */,
				09D7ABF724EA2718009BAE5B /* Spell.swift in Sources */,
				09D7AC1324EC0C77009BAE5B /* Chest.swift in Sources */,
				09D7ABCE24E387F7009BAE5B /* Stage.swift in Sources */,
				09D7AC5D25032F32009BAE5B /* Hexagram.swift in Sources */,
				09D7AC1824EC0FE6009BAE5B /* Status.swift in Sources */,
				09D7ABE624E4C4C7009BAE5B /* Unit.swift in Sources */,
				09D7AC9D252C9353009BAE5B /* Loot.swift in Sources */,
				09D7ABE824E4C537009BAE5B /* Structure.swift in Sources */,
				09D7AC5525028DD8009BAE5B /* Battle.swift in Sources */,
				09D7AC2524FB948B009BAE5B /* RolePanel.swift in Sources */,
				09D7ABCB24E38784009BAE5B /* Value.swift in Sources */,
				09D7AC9625220434009BAE5B /* RoleThumb.swift in Sources */,
				09D7AC742504DEED009BAE5B /* AFu.swift in Sources */,
				09D7ABE424E4C317009BAE5B /* TwistedMeadow.swift in Sources */,
				09D7AC612503443E009BAE5B /* FieldData.swift in Sources */,
				09D7ABD424E38EED009BAE5B /* extend.swift in Sources */,
				09D7AC4625020041009BAE5B /* Character.swift in Sources */,
				09D7AC2724FB9589009BAE5B /* Thumb.swift in Sources */,
				09D7AC8B250FB2FD009BAE5B /* Castable.swift in Sources */,
				09D7ABFD24EA3219009BAE5B /* Label.swift in Sources */,
				09D7AC3A24FE934E009BAE5B /* MultiLabel.swift in Sources */,
				09D7ABE224E4C2AD009BAE5B /* AncientRoad.swift in Sources */,
				09D7AC2224F7EB74009BAE5B /* Panel.swift in Sources */,
				09D7AC68250389E4009BAE5B /* SubPanel.swift in Sources */,
				09D7AC6325035FD1009BAE5B /* RoleSelectPanel.swift in Sources */,
				09D7ABDF24E4B76A009BAE5B /* Dungeon.swift in Sources */,
				09D7AC7E250E4B42009BAE5B /* UseItem.swift in Sources */,
				09D7AC8D25123645009BAE5B /* ItemIcon.swift in Sources */,
				09D7AC782507C16E009BAE5B /* UnitIcon.swift in Sources */,
				09D7ABAF24E384C7009BAE5B /* GameViewController.swift in Sources */,
				09D7AC9F252C9556009BAE5B /* Stackable.swift in Sources */,
				09D7AC8F251242ED009BAE5B /* ItemWindow.swift in Sources */,
				09D7ABC224E3862A009BAE5B /* Core.swift in Sources */,
				09D7AC3C2500E8CB009BAE5B /* Attribute.swift in Sources */,
				09D7AC1E24F25FB6009BAE5B /* IconButton.swift in Sources */,
				09D7AC5925032CCA009BAE5B /* FieldThumb.swift in Sources */,
				09D7AC80250E4B5D009BAE5B /* Summon.swift in Sources */,
				09D7AC1524EC0EE6009BAE5B /* Tower.swift in Sources */,
				09D7ABD924E39A38009BAE5B /* ActionUnit.swift in Sources */,
				09D7ABF024E80EC8009BAE5B /* ItemData.swift in Sources */,
				09D7AC2B24FBA06F009BAE5B /* QualityNode.swift in Sources */,
				09D7AC7A25091989009BAE5B /* ActionIcon.swift in Sources */,
				09D7AC85250E4D4E009BAE5B /* Cancel.swift in Sources */,
				09D7ABD624E395E6009BAE5B /* Scene.swift in Sources */,
				09D7AC4825020828009BAE5B /* ArmorSlot.swift in Sources */,
				09D7AC2E24FBD3BC009BAE5B /* Showable.swift in Sources */,
				09D7AC3824FE9233009BAE5B /* StatusWindow.swift in Sources */,
				09D7ABEA24E7F5E6009BAE5B /* CellNode.swift in Sources */,
				09D7ABA724E384C7009BAE5B /* AppDelegate.swift in Sources */,
				09D7ABC924E3877B009BAE5B /* Color.swift in Sources */,
				09D7AC1A24EC1045009BAE5B /* Function.swift in Sources */,
				09D7AC89250FB0B7009BAE5B /* ItemSelectPanel.swift in Sources */,
				09D7AC3024FBD9EA009BAE5B /* TradePanel.swift in Sources */,
				09D7AC7025049C94009BAE5B /* Damage.swift in Sources */,
				09D7AC5F250331E0009BAE5B /* FieldConfigPanel.swift in Sources */,
				09D7AC422500F1FC009BAE5B /* Armor.swift in Sources */,
				09D7AC5325028D72009BAE5B /* Field.swift in Sources */,
				09D7AC3E2500ECCC009BAE5B /* ArmorData.swift in Sources */,
				09D7ABFB24EA27AF009BAE5B /* CreatureData.swift in Sources */,
				09D7AC2924FB9592009BAE5B /* Icon.swift in Sources */,
				09D7AC6C2503D8F2009BAE5B /* ValueUnit.swift in Sources */,
				09D7ABD224E38B5D009BAE5B /* Device.swift in Sources */,
				09D7AC722504DE7A009BAE5B /* BlackCat.swift in Sources */,
				09D7AC402500ED52009BAE5B /* SacredData.swift in Sources */,
			);
			runOnlyForDeploymentPostprocessing = 0;
		};
/* End PBXSourcesBuildPhase section */

/* Begin PBXVariantGroup section */
		09D7ABB024E384C7009BAE5B /* Main.storyboard */ = {
			isa = PBXVariantGroup;
			children = (
				09D7ABB124E384C7009BAE5B /* Base */,
			);
			name = Main.storyboard;
			sourceTree = "<group>";
		};
		09D7ABB524E384C8009BAE5B /* LaunchScreen.storyboard */ = {
			isa = PBXVariantGroup;
			children = (
				09D7ABB624E384C8009BAE5B /* Base */,
			);
			name = LaunchScreen.storyboard;
			sourceTree = "<group>";
		};
/* End PBXVariantGroup section */

/* Begin XCBuildConfiguration section */
		09D7ABB924E384C8009BAE5B /* Debug */ = {
			isa = XCBuildConfiguration;
			buildSettings = {
				ALWAYS_SEARCH_USER_PATHS = NO;
				CLANG_ANALYZER_NONNULL = YES;
				CLANG_ANALYZER_NUMBER_OBJECT_CONVERSION = YES_AGGRESSIVE;
				CLANG_CXX_LANGUAGE_STANDARD = "gnu++14";
				CLANG_CXX_LIBRARY = "libc++";
				CLANG_ENABLE_MODULES = YES;
				CLANG_ENABLE_OBJC_ARC = YES;
				CLANG_ENABLE_OBJC_WEAK = YES;
				CLANG_WARN_BLOCK_CAPTURE_AUTORELEASING = YES;
				CLANG_WARN_BOOL_CONVERSION = YES;
				CLANG_WARN_COMMA = YES;
				CLANG_WARN_CONSTANT_CONVERSION = YES;
				CLANG_WARN_DEPRECATED_OBJC_IMPLEMENTATIONS = YES;
				CLANG_WARN_DIRECT_OBJC_ISA_USAGE = YES_ERROR;
				CLANG_WARN_DOCUMENTATION_COMMENTS = YES;
				CLANG_WARN_EMPTY_BODY = YES;
				CLANG_WARN_ENUM_CONVERSION = YES;
				CLANG_WARN_INFINITE_RECURSION = YES;
				CLANG_WARN_INT_CONVERSION = YES;
				CLANG_WARN_NON_LITERAL_NULL_CONVERSION = YES;
				CLANG_WARN_OBJC_IMPLICIT_RETAIN_SELF = YES;
				CLANG_WARN_OBJC_LITERAL_CONVERSION = YES;
				CLANG_WARN_OBJC_ROOT_CLASS = YES_ERROR;
				CLANG_WARN_RANGE_LOOP_ANALYSIS = YES;
				CLANG_WARN_STRICT_PROTOTYPES = YES;
				CLANG_WARN_SUSPICIOUS_MOVE = YES;
				CLANG_WARN_UNGUARDED_AVAILABILITY = YES_AGGRESSIVE;
				CLANG_WARN_UNREACHABLE_CODE = YES;
				CLANG_WARN__DUPLICATE_METHOD_MATCH = YES;
				COPY_PHASE_STRIP = NO;
				DEBUG_INFORMATION_FORMAT = dwarf;
				ENABLE_STRICT_OBJC_MSGSEND = YES;
				ENABLE_TESTABILITY = YES;
				GCC_C_LANGUAGE_STANDARD = gnu11;
				GCC_DYNAMIC_NO_PIC = NO;
				GCC_NO_COMMON_BLOCKS = YES;
				GCC_OPTIMIZATION_LEVEL = 0;
				GCC_PREPROCESSOR_DEFINITIONS = (
					"DEBUG=1",
					"$(inherited)",
				);
				GCC_WARN_64_TO_32_BIT_CONVERSION = YES;
				GCC_WARN_ABOUT_RETURN_TYPE = YES_ERROR;
				GCC_WARN_UNDECLARED_SELECTOR = YES;
				GCC_WARN_UNINITIALIZED_AUTOS = YES_AGGRESSIVE;
				GCC_WARN_UNUSED_FUNCTION = YES;
				GCC_WARN_UNUSED_VARIABLE = YES;
				IPHONEOS_DEPLOYMENT_TARGET = 13.2;
				MTL_ENABLE_DEBUG_INFO = INCLUDE_SOURCE;
				MTL_FAST_MATH = YES;
				ONLY_ACTIVE_ARCH = YES;
				SDKROOT = iphoneos;
				SWIFT_ACTIVE_COMPILATION_CONDITIONS = DEBUG;
				SWIFT_OPTIMIZATION_LEVEL = "-Onone";
			};
			name = Debug;
		};
		09D7ABBA24E384C8009BAE5B /* Release */ = {
			isa = XCBuildConfiguration;
			buildSettings = {
				ALWAYS_SEARCH_USER_PATHS = NO;
				CLANG_ANALYZER_NONNULL = YES;
				CLANG_ANALYZER_NUMBER_OBJECT_CONVERSION = YES_AGGRESSIVE;
				CLANG_CXX_LANGUAGE_STANDARD = "gnu++14";
				CLANG_CXX_LIBRARY = "libc++";
				CLANG_ENABLE_MODULES = YES;
				CLANG_ENABLE_OBJC_ARC = YES;
				CLANG_ENABLE_OBJC_WEAK = YES;
				CLANG_WARN_BLOCK_CAPTURE_AUTORELEASING = YES;
				CLANG_WARN_BOOL_CONVERSION = YES;
				CLANG_WARN_COMMA = YES;
				CLANG_WARN_CONSTANT_CONVERSION = YES;
				CLANG_WARN_DEPRECATED_OBJC_IMPLEMENTATIONS = YES;
				CLANG_WARN_DIRECT_OBJC_ISA_USAGE = YES_ERROR;
				CLANG_WARN_DOCUMENTATION_COMMENTS = YES;
				CLANG_WARN_EMPTY_BODY = YES;
				CLANG_WARN_ENUM_CONVERSION = YES;
				CLANG_WARN_INFINITE_RECURSION = YES;
				CLANG_WARN_INT_CONVERSION = YES;
				CLANG_WARN_NON_LITERAL_NULL_CONVERSION = YES;
				CLANG_WARN_OBJC_IMPLICIT_RETAIN_SELF = YES;
				CLANG_WARN_OBJC_LITERAL_CONVERSION = YES;
				CLANG_WARN_OBJC_ROOT_CLASS = YES_ERROR;
				CLANG_WARN_RANGE_LOOP_ANALYSIS = YES;
				CLANG_WARN_STRICT_PROTOTYPES = YES;
				CLANG_WARN_SUSPICIOUS_MOVE = YES;
				CLANG_WARN_UNGUARDED_AVAILABILITY = YES_AGGRESSIVE;
				CLANG_WARN_UNREACHABLE_CODE = YES;
				CLANG_WARN__DUPLICATE_METHOD_MATCH = YES;
				COPY_PHASE_STRIP = NO;
				DEBUG_INFORMATION_FORMAT = "dwarf-with-dsym";
				ENABLE_NS_ASSERTIONS = NO;
				ENABLE_STRICT_OBJC_MSGSEND = YES;
				GCC_C_LANGUAGE_STANDARD = gnu11;
				GCC_NO_COMMON_BLOCKS = YES;
				GCC_WARN_64_TO_32_BIT_CONVERSION = YES;
				GCC_WARN_ABOUT_RETURN_TYPE = YES_ERROR;
				GCC_WARN_UNDECLARED_SELECTOR = YES;
				GCC_WARN_UNINITIALIZED_AUTOS = YES_AGGRESSIVE;
				GCC_WARN_UNUSED_FUNCTION = YES;
				GCC_WARN_UNUSED_VARIABLE = YES;
				IPHONEOS_DEPLOYMENT_TARGET = 13.2;
				MTL_ENABLE_DEBUG_INFO = NO;
				MTL_FAST_MATH = YES;
				SDKROOT = iphoneos;
				SWIFT_COMPILATION_MODE = wholemodule;
				SWIFT_OPTIMIZATION_LEVEL = "-O";
				VALIDATE_PRODUCT = YES;
			};
			name = Release;
		};
		09D7ABBC24E384C8009BAE5B /* Debug */ = {
			isa = XCBuildConfiguration;
			buildSettings = {
				ASSETCATALOG_COMPILER_APPICON_NAME = AppIcon;
				CODE_SIGN_STYLE = Automatic;
				DEVELOPMENT_TEAM = DWG8SW45K5;
				INFOPLIST_FILE = MyTravel/Info.plist;
				LD_RUNPATH_SEARCH_PATHS = (
					"$(inherited)",
					"@executable_path/Frameworks",
				);
				PRODUCT_BUNDLE_IDENTIFIER = my.travel.MyTravel;
				PRODUCT_NAME = "$(TARGET_NAME)";
				SWIFT_VERSION = 5.0;
				TARGETED_DEVICE_FAMILY = 1;
			};
			name = Debug;
		};
		09D7ABBD24E384C8009BAE5B /* Release */ = {
			isa = XCBuildConfiguration;
			buildSettings = {
				ASSETCATALOG_COMPILER_APPICON_NAME = AppIcon;
				CODE_SIGN_STYLE = Automatic;
				DEVELOPMENT_TEAM = DWG8SW45K5;
				INFOPLIST_FILE = MyTravel/Info.plist;
				LD_RUNPATH_SEARCH_PATHS = (
					"$(inherited)",
					"@executable_path/Frameworks",
				);
				PRODUCT_BUNDLE_IDENTIFIER = my.travel.MyTravel;
				PRODUCT_NAME = "$(TARGET_NAME)";
				SWIFT_VERSION = 5.0;
				TARGETED_DEVICE_FAMILY = 1;
			};
			name = Release;
		};
/* End XCBuildConfiguration section */

/* Begin XCConfigurationList section */
		09D7AB9E24E384C7009BAE5B /* Build configuration list for PBXProject "MyTravel" */ = {
			isa = XCConfigurationList;
			buildConfigurations = (
				09D7ABB924E384C8009BAE5B /* Debug */,
				09D7ABBA24E384C8009BAE5B /* Release */,
			);
			defaultConfigurationIsVisible = 0;
			defaultConfigurationName = Release;
		};
		09D7ABBB24E384C8009BAE5B /* Build configuration list for PBXNativeTarget "MyTravel" */ = {
			isa = XCConfigurationList;
			buildConfigurations = (
				09D7ABBC24E384C8009BAE5B /* Debug */,
				09D7ABBD24E384C8009BAE5B /* Release */,
			);
			defaultConfigurationIsVisible = 0;
			defaultConfigurationName = Release;
		};
/* End XCConfigurationList section */
	};
	rootObject = 09D7AB9B24E384C7009BAE5B /* Project object */;
}
